// !$*UTF8*$!
{
	archiveVersion = 1;
	classes = {
	};
	objectVersion = 48;
	objects = {

/* Begin PBXBuildFile section */
		7A53036B205ECA720077FD31 /* AboutMeViewController.swift in Sources */ = {isa = PBXBuildFile; fileRef = 7A53036A205ECA720077FD31 /* AboutMeViewController.swift */; };
		7A53036D205ECB730077FD31 /* myImg.jpeg in Resources */ = {isa = PBXBuildFile; fileRef = 7A53036C205ECB720077FD31 /* myImg.jpeg */; };
		7A53036F205ED2F10077FD31 /* KakaoTalk_Photo_2018-03-11-23-51-15_97.jpeg in Resources */ = {isa = PBXBuildFile; fileRef = 7A53036E205ED2F10077FD31 /* KakaoTalk_Photo_2018-03-11-23-51-15_97.jpeg */; };
		7A58F269205EC60D006D704B /* AboutViewController.swift in Sources */ = {isa = PBXBuildFile; fileRef = 7A58F268205EC60D006D704B /* AboutViewController.swift */; };
		7AAA059E205C9DE700F1F867 /* AppDelegate.swift in Sources */ = {isa = PBXBuildFile; fileRef = 7AAA059D205C9DE700F1F867 /* AppDelegate.swift */; };
		7AAA05A0205C9DE700F1F867 /* ViewController.swift in Sources */ = {isa = PBXBuildFile; fileRef = 7AAA059F205C9DE700F1F867 /* ViewController.swift */; };
		7AAA05A3205C9DE700F1F867 /* Main.storyboard in Resources */ = {isa = PBXBuildFile; fileRef = 7AAA05A1205C9DE700F1F867 /* Main.storyboard */; };
		7AAA05A5205C9DE700F1F867 /* Assets.xcassets in Resources */ = {isa = PBXBuildFile; fileRef = 7AAA05A4205C9DE700F1F867 /* Assets.xcassets */; };
		7AAA05A8205C9DE700F1F867 /* LaunchScreen.storyboard in Resources */ = {isa = PBXBuildFile; fileRef = 7AAA05A6205C9DE700F1F867 /* LaunchScreen.storyboard */; };
		7AF5F5B32061D95400824155 /* BullsEye.html in Resources */ = {isa = PBXBuildFile; fileRef = 7AF5F5B22061D95400824155 /* BullsEye.html */; };
/* End PBXBuildFile section */

/* Begin PBXFileReference section */
		7A53036A205ECA720077FD31 /* AboutMeViewController.swift */ = {isa = PBXFileReference; lastKnownFileType = sourcecode.swift; path = AboutMeViewController.swift; sourceTree = "<group>"; };
		7A53036C205ECB720077FD31 /* myImg.jpeg */ = {isa = PBXFileReference; lastKnownFileType = image.jpeg; path = myImg.jpeg; sourceTree = "<group>"; };
		7A53036E205ED2F10077FD31 /* KakaoTalk_Photo_2018-03-11-23-51-15_97.jpeg */ = {isa = PBXFileReference; lastKnownFileType = image.jpeg; path = "KakaoTalk_Photo_2018-03-11-23-51-15_97.jpeg"; sourceTree = "<group>"; };
		7A58F268205EC60D006D704B /* AboutViewController.swift */ = {isa = PBXFileReference; lastKnownFileType = sourcecode.swift; path = AboutViewController.swift; sourceTree = "<group>"; };
		7AAA059A205C9DE700F1F867 /* PracticeWithUdemyCourseFrom20180317.app */ = {isa = PBXFileReference; explicitFileType = wrapper.application; includeInIndex = 0; path = PracticeWithUdemyCourseFrom20180317.app; sourceTree = BUILT_PRODUCTS_DIR; };
		7AAA059D205C9DE700F1F867 /* AppDelegate.swift */ = {isa = PBXFileReference; lastKnownFileType = sourcecode.swift; path = AppDelegate.swift; sourceTree = "<group>"; };
		7AAA059F205C9DE700F1F867 /* ViewController.swift */ = {isa = PBXFileReference; lastKnownFileType = sourcecode.swift; path = ViewController.swift; sourceTree = "<group>"; };
		7AAA05A2205C9DE700F1F867 /* Base */ = {isa = PBXFileReference; lastKnownFileType = file.storyboard; name = Base; path = Base.lproj/Main.storyboard; sourceTree = "<group>"; };
		7AAA05A4205C9DE700F1F867 /* Assets.xcassets */ = {isa = PBXFileReference; lastKnownFileType = folder.assetcatalog; path = Assets.xcassets; sourceTree = "<group>"; };
		7AAA05A7205C9DE700F1F867 /* Base */ = {isa = PBXFileReference; lastKnownFileType = file.storyboard; name = Base; path = Base.lproj/LaunchScreen.storyboard; sourceTree = "<group>"; };
		7AAA05A9205C9DE700F1F867 /* Info.plist */ = {isa = PBXFileReference; lastKnownFileType = text.plist.xml; path = Info.plist; sourceTree = "<group>"; };
		7AF5F5B22061D95400824155 /* BullsEye.html */ = {isa = PBXFileReference; fileEncoding = 4; lastKnownFileType = text.html; path = BullsEye.html; sourceTree = "<group>"; };
/* End PBXFileReference section */

/* Begin PBXFrameworksBuildPhase section */
		7AAA0597205C9DE700F1F867 /* Frameworks */ = {
			isa = PBXFrameworksBuildPhase;
			buildActionMask = 2147483647;
			files = (
			);
			runOnlyForDeploymentPostprocessing = 0;
		};
/* End PBXFrameworksBuildPhase section */

/* Begin PBXGroup section */
		7AAA0591205C9DE700F1F867 = {
			isa = PBXGroup;
			children = (
				7AAA059C205C9DE700F1F867 /* PracticeWithUdemyCourseFrom20180317 */,
				7AAA059B205C9DE700F1F867 /* Products */,
			);
			sourceTree = "<group>";
		};
		7AAA059B205C9DE700F1F867 /* Products */ = {
			isa = PBXGroup;
			children = (
				7AAA059A205C9DE700F1F867 /* PracticeWithUdemyCourseFrom20180317.app */,
			);
			name = Products;
			sourceTree = "<group>";
		};
		7AAA059C205C9DE700F1F867 /* PracticeWithUdemyCourseFrom20180317 */ = {
			isa = PBXGroup;
			children = (
				7AAA059D205C9DE700F1F867 /* AppDelegate.swift */,
				7AAA059F205C9DE700F1F867 /* ViewController.swift */,
				7A58F268205EC60D006D704B /* AboutViewController.swift */,
				7A53036A205ECA720077FD31 /* AboutMeViewController.swift */,
				7AAA05A1205C9DE700F1F867 /* Main.storyboard */,
				7AAA05A4205C9DE700F1F867 /* Assets.xcassets */,
				7AF5F5B22061D95400824155 /* BullsEye.html */,
				7A53036C205ECB720077FD31 /* myImg.jpeg */,
				7A53036E205ED2F10077FD31 /* KakaoTalk_Photo_2018-03-11-23-51-15_97.jpeg */,
				7AAA05A6205C9DE700F1F867 /* LaunchScreen.storyboard */,
				7AAA05A9205C9DE700F1F867 /* Info.plist */,
			);
			path = PracticeWithUdemyCourseFrom20180317;
			sourceTree = "<group>";
		};
/* End PBXGroup section */

/* Begin PBXNativeTarget section */
		7AAA0599205C9DE700F1F867 /* PracticeWithUdemyCourseFrom20180317 */ = {
			isa = PBXNativeTarget;
			buildConfigurationList = 7AAA05AC205C9DE700F1F867 /* Build configuration list for PBXNativeTarget "PracticeWithUdemyCourseFrom20180317" */;
			buildPhases = (
				7AAA0596205C9DE700F1F867 /* Sources */,
				7AAA0597205C9DE700F1F867 /* Frameworks */,
				7AAA0598205C9DE700F1F867 /* Resources */,
			);
			buildRules = (
			);
			dependencies = (
			);
			name = PracticeWithUdemyCourseFrom20180317;
			productName = PracticeWithUdemyCourseFrom20180317;
			productReference = 7AAA059A205C9DE700F1F867 /* PracticeWithUdemyCourseFrom20180317.app */;
			productType = "com.apple.product-type.application";
		};
/* End PBXNativeTarget section */

/* Begin PBXProject section */
		7AAA0592205C9DE700F1F867 /* Project object */ = {
			isa = PBXProject;
			attributes = {
				LastSwiftUpdateCheck = 0920;
				LastUpgradeCheck = 0920;
				ORGANIZATIONNAME = "KimYong Ho";
				TargetAttributes = {
					7AAA0599205C9DE700F1F867 = {
						CreatedOnToolsVersion = 9.2;
						ProvisioningStyle = Automatic;
					};
				};
			};
			buildConfigurationList = 7AAA0595205C9DE700F1F867 /* Build configuration list for PBXProject "PracticeWithUdemyCourseFrom20180317" */;
			compatibilityVersion = "Xcode 8.0";
			developmentRegion = en;
			hasScannedForEncodings = 0;
			knownRegions = (
				en,
				Base,
			);
			mainGroup = 7AAA0591205C9DE700F1F867;
			productRefGroup = 7AAA059B205C9DE700F1F867 /* Products */;
			projectDirPath = "";
			projectRoot = "";
			targets = (
				7AAA0599205C9DE700F1F867 /* PracticeWithUdemyCourseFrom20180317 */,
			);
		};
/* End PBXProject section */

/* Begin PBXResourcesBuildPhase section */
		7AAA0598205C9DE700F1F867 /* Resources */ = {
			isa = PBXResourcesBuildPhase;
			buildActionMask = 2147483647;
			files = (
				7AAA05A8205C9DE700F1F867 /* LaunchScreen.storyboard in Resources */,
				7AF5F5B32061D95400824155 /* BullsEye.html in Resources */,
				7A53036D205ECB730077FD31 /* myImg.jpeg in Resources */,
				7AAA05A5205C9DE700F1F867 /* Assets.xcassets in Resources */,
				7AAA05A3205C9DE700F1F867 /* Main.storyboard in Resources */,
				7A53036F205ED2F10077FD31 /* KakaoTalk_Photo_2018-03-11-23-51-15_97.jpeg in Resources */,
			);
			runOnlyForDeploymentPostprocessing = 0;
		};
/* End PBXResourcesBuildPhase section */

/* Begin PBXSourcesBuildPhase section */
		7AAA0596205C9DE700F1F867 /* Sources */ = {
			isa = PBXSourcesBuildPhase;
			buildActionMask = 2147483647;
			files = (
				7A58F269205EC60D006D704B /* AboutViewController.swift in Sources */,
				7AAA05A0205C9DE700F1F867 /* ViewController.swift in Sources */,
				7A53036B205ECA720077FD31 /* AboutMeViewController.swift in Sources */,
				7AAA059E205C9DE700F1F867 /* AppDelegate.swift in Sources */,
			);
			runOnlyForDeploymentPostprocessing = 0;
		};
/* End PBXSourcesBuildPhase section */

/* Begin PBXVariantGroup section */
		7AAA05A1205C9DE700F1F867 /* Main.storyboard */ = {
			isa = PBXVariantGroup;
			children = (
				7AAA05A2205C9DE700F1F867 /* Base */,
			);
			name = Main.storyboard;
			sourceTree = "<group>";
		};
		7AAA05A6205C9DE700F1F867 /* LaunchScreen.storyboard */ = {
			isa = PBXVariantGroup;
			children = (
				7AAA05A7205C9DE700F1F867 /* Base */,
			);
			name = LaunchScreen.storyboard;
			sourceTree = "<group>";
		};
/* End PBXVariantGroup section */

/* Begin XCBuildConfiguration section */
		7AAA05AA205C9DE700F1F867 /* Debug */ = {
			isa = XCBuildConfiguration;
			buildSettings = {
				ALWAYS_SEARCH_USER_PATHS = NO;
				CLANG_ANALYZER_NONNULL = YES;
				CLANG_ANALYZER_NUMBER_OBJECT_CONVERSION = YES_AGGRESSIVE;
				CLANG_CXX_LANGUAGE_STANDARD = "gnu++14";
				CLANG_CXX_LIBRARY = "libc++";
				CLANG_ENABLE_MODULES = YES;
				CLANG_ENABLE_OBJC_ARC = YES;
				CLANG_WARN_BLOCK_CAPTURE_AUTORELEASING = YES;
				CLANG_WARN_BOOL_CONVERSION = YES;
				CLANG_WARN_COMMA = YES;
				CLANG_WARN_CONSTANT_CONVERSION = YES;
				CLANG_WARN_DIRECT_OBJC_ISA_USAGE = YES_ERROR;
				CLANG_WARN_DOCUMENTATION_COMMENTS = YES;
				CLANG_WARN_EMPTY_BODY = YES;
				CLANG_WARN_ENUM_CONVERSION = YES;
				CLANG_WARN_INFINITE_RECURSION = YES;
				CLANG_WARN_INT_CONVERSION = YES;
				CLANG_WARN_NON_LITERAL_NULL_CONVERSION = YES;
				CLANG_WARN_OBJC_LITERAL_CONVERSION = YES;
				CLANG_WARN_OBJC_ROOT_CLASS = YES_ERROR;
				CLANG_WARN_RANGE_LOOP_ANALYSIS = YES;
				CLANG_WARN_STRICT_PROTOTYPES = YES;
				CLANG_WARN_SUSPICIOUS_MOVE = YES;
				CLANG_WARN_UNGUARDED_AVAILABILITY = YES_AGGRESSIVE;
				CLANG_WARN_UNREACHABLE_CODE = YES;
				CLANG_WARN__DUPLICATE_METHOD_MATCH = YES;
				CODE_SIGN_IDENTITY = "iPhone Developer";
				COPY_PHASE_STRIP = NO;
				DEBUG_INFORMATION_FORMAT = dwarf;
				ENABLE_STRICT_OBJC_MSGSEND = YES;
				ENABLE_TESTABILITY = YES;
				GCC_C_LANGUAGE_STANDARD = gnu11;
				GCC_DYNAMIC_NO_PIC = NO;
				GCC_NO_COMMON_BLOCKS = YES;
				GCC_OPTIMIZATION_LEVEL = 0;
				GCC_PREPROCESSOR_DEFINITIONS = (
					"DEBUG=1",
					"$(inherited)",
				);
				GCC_WARN_64_TO_32_BIT_CONVERSION = YES;
				GCC_WARN_ABOUT_RETURN_TYPE = YES_ERROR;
				GCC_WARN_UNDECLARED_SELECTOR = YES;
				GCC_WARN_UNINITIALIZED_AUTOS = YES_AGGRESSIVE;
				GCC_WARN_UNUSED_FUNCTION = YES;
				GCC_WARN_UNUSED_VARIABLE = YES;
				IPHONEOS_DEPLOYMENT_TARGET = 11.2;
				MTL_ENABLE_DEBUG_INFO = YES;
				ONLY_ACTIVE_ARCH = YES;
				SDKROOT = iphoneos;
				SWIFT_ACTIVE_COMPILATION_CONDITIONS = DEBUG;
				SWIFT_OPTIMIZATION_LEVEL = "-Onone";
			};
			name = Debug;
		};
		7AAA05AB205C9DE700F1F867 /* Release */ = {
			isa = XCBuildConfiguration;
			buildSettings = {
				ALWAYS_SEARCH_USER_PATHS = NO;
				CLANG_ANALYZER_NONNULL = YES;
				CLANG_ANALYZER_NUMBER_OBJECT_CONVERSION = YES_AGGRESSIVE;
				CLANG_CXX_LANGUAGE_STANDARD = "gnu++14";
				CLANG_CXX_LIBRARY = "libc++";
				CLANG_ENABLE_MODULES = YES;
				CLANG_ENABLE_OBJC_ARC = YES;
				CLANG_WARN_BLOCK_CAPTURE_AUTORELEASING = YES;
				CLANG_WARN_BOOL_CONVERSION = YES;
				CLANG_WARN_COMMA = YES;
				CLANG_WARN_CONSTANT_CONVERSION = YES;
				CLANG_WARN_DIRECT_OBJC_ISA_USAGE = YES_ERROR;
				CLANG_WARN_DOCUMENTATION_COMMENTS = YES;
				CLANG_WARN_EMPTY_BODY = YES;
				CLANG_WARN_ENUM_CONVERSION = YES;
				CLANG_WARN_INFINITE_RECURSION = YES;
				CLANG_WARN_INT_CONVERSION = YES;
				CLANG_WARN_NON_LITERAL_NULL_CONVERSION = YES;
				CLANG_WARN_OBJC_LITERAL_CONVERSION = YES;
				CLANG_WARN_OBJC_ROOT_CLASS = YES_ERROR;
				CLANG_WARN_RANGE_LOOP_ANALYSIS = YES;
				CLANG_WARN_STRICT_PROTOTYPES = YES;
				CLANG_WARN_SUSPICIOUS_MOVE = YES;
				CLANG_WARN_UNGUARDED_AVAILABILITY = YES_AGGRESSIVE;
				CLANG_WARN_UNREACHABLE_CODE = YES;
				CLANG_WARN__DUPLICATE_METHOD_MATCH = YES;
				CODE_SIGN_IDENTITY = "iPhone Developer";
				COPY_PHASE_STRIP = NO;
				DEBUG_INFORMATION_FORMAT = "dwarf-with-dsym";
				ENABLE_NS_ASSERTIONS = NO;
				ENABLE_STRICT_OBJC_MSGSEND = YES;
				GCC_C_LANGUAGE_STANDARD = gnu11;
				GCC_NO_COMMON_BLOCKS = YES;
				GCC_WARN_64_TO_32_BIT_CONVERSION = YES;
				GCC_WARN_ABOUT_RETURN_TYPE = YES_ERROR;
				GCC_WARN_UNDECLARED_SELECTOR = YES;
				GCC_WARN_UNINITIALIZED_AUTOS = YES_AGGRESSIVE;
				GCC_WARN_UNUSED_FUNCTION = YES;
				GCC_WARN_UNUSED_VARIABLE = YES;
				IPHONEOS_DEPLOYMENT_TARGET = 11.2;
				MTL_ENABLE_DEBUG_INFO = NO;
				SDKROOT = iphoneos;
				SWIFT_OPTIMIZATION_LEVEL = "-Owholemodule";
				VALIDATE_PRODUCT = YES;
			};
			name = Release;
		};
		7AAA05AD205C9DE700F1F867 /* Debug */ = {
			isa = XCBuildConfiguration;
			buildSettings = {
				ASSETCATALOG_COMPILER_APPICON_NAME = AppIcon;
				CODE_SIGN_STYLE = Automatic;
				DEVELOPMENT_TEAM = 67ZAZG66H9;
				INFOPLIST_FILE = PracticeWithUdemyCourseFrom20180317/Info.plist;
				LD_RUNPATH_SEARCH_PATHS = "$(inherited) @executable_path/Frameworks";
				PRODUCT_BUNDLE_IDENTIFIER = YHKIM.PracticeWithUdemyCourseFrom20180317;
				PRODUCT_NAME = "$(TARGET_NAME)";
				SWIFT_VERSION = 4.0;
				TARGETED_DEVICE_FAMILY = "1,2";
			};
			name = Debug;
		};
		7AAA05AE205C9DE700F1F867 /* Release */ = {
			isa = XCBuildConfiguration;
			buildSettings = {
				ASSETCATALOG_COMPILER_APPICON_NAME = AppIcon;
				CODE_SIGN_STYLE = Automatic;
				DEVELOPMENT_TEAM = 67ZAZG66H9;
				INFOPLIST_FILE = PracticeWithUdemyCourseFrom20180317/Info.plist;
				LD_RUNPATH_SEARCH_PATHS = "$(inherited) @executable_path/Frameworks";
				PRODUCT_BUNDLE_IDENTIFIER = YHKIM.PracticeWithUdemyCourseFrom20180317;
				PRODUCT_NAME = "$(TARGET_NAME)";
				SWIFT_VERSION = 4.0;
				TARGETED_DEVICE_FAMILY = "1,2";
			};
			name = Release;
		};
/* End XCBuildConfiguration section */

/* Begin XCConfigurationList section */
		7AAA0595205C9DE700F1F867 /* Build configuration list for PBXProject "PracticeWithUdemyCourseFrom20180317" */ = {
			isa = XCConfigurationList;
			buildConfigurations = (
				7AAA05AA205C9DE700F1F867 /* Debug */,
				7AAA05AB205C9DE700F1F867 /* Release */,
			);
			defaultConfigurationIsVisible = 0;
			defaultConfigurationName = Release;
		};
		7AAA05AC205C9DE700F1F867 /* Build configuration list for PBXNativeTarget "PracticeWithUdemyCourseFrom20180317" */ = {
			isa = XCConfigurationList;
			buildConfigurations = (
				7AAA05AD205C9DE700F1F867 /* Debug */,
				7AAA05AE205C9DE700F1F867 /* Release */,
			);
			defaultConfigurationIsVisible = 0;
			defaultConfigurationName = Release;
		};
/* End XCConfigurationList section */
	};
	rootObject = 7AAA0592205C9DE700F1F867 /* Project object */;
}
