// !$*UTF8*$!
{
	archiveVersion = 1;
	classes = {
	};
	objectVersion = 48;
	objects = {

/* Begin PBXBuildFile section */
		7ABE23722045061700733DD2 /* AppDelegate.swift in Sources */ = {isa = PBXBuildFile; fileRef = 7ABE23712045061700733DD2 /* AppDelegate.swift */; };
		7ABE23742045061700733DD2 /* ViewController.swift in Sources */ = {isa = PBXBuildFile; fileRef = 7ABE23732045061700733DD2 /* ViewController.swift */; };
		7ABE23772045061700733DD2 /* Main.storyboard in Resources */ = {isa = PBXBuildFile; fileRef = 7ABE23752045061700733DD2 /* Main.storyboard */; };
		7ABE23792045061700733DD2 /* Assets.xcassets in Resources */ = {isa = PBXBuildFile; fileRef = 7ABE23782045061700733DD2 /* Assets.xcassets */; };
		7ABE237C2045061700733DD2 /* LaunchScreen.storyboard in Resources */ = {isa = PBXBuildFile; fileRef = 7ABE237A2045061700733DD2 /* LaunchScreen.storyboard */; };
		7ABE23842045064E00733DD2 /* Sample.plist in Resources */ = {isa = PBXBuildFile; fileRef = 7ABE23832045064E00733DD2 /* Sample.plist */; };
		7ABE23862045325B00733DD2 /* MyUserDefault.swift in Sources */ = {isa = PBXBuildFile; fileRef = 7ABE23852045325B00733DD2 /* MyUserDefault.swift */; };
		7ABE2388204533AA00733DD2 /* MyUserData.plist in Resources */ = {isa = PBXBuildFile; fileRef = 7ABE2387204533AA00733DD2 /* MyUserData.plist */; };
/* End PBXBuildFile section */

/* Begin PBXFileReference section */
		7ABE236E2045061700733DD2 /* PListSample.app */ = {isa = PBXFileReference; explicitFileType = wrapper.application; includeInIndex = 0; path = PListSample.app; sourceTree = BUILT_PRODUCTS_DIR; };
		7ABE23712045061700733DD2 /* AppDelegate.swift */ = {isa = PBXFileReference; lastKnownFileType = sourcecode.swift; path = AppDelegate.swift; sourceTree = "<group>"; };
		7ABE23732045061700733DD2 /* ViewController.swift */ = {isa = PBXFileReference; lastKnownFileType = sourcecode.swift; path = ViewController.swift; sourceTree = "<group>"; };
		7ABE23762045061700733DD2 /* Base */ = {isa = PBXFileReference; lastKnownFileType = file.storyboard; name = Base; path = Base.lproj/Main.storyboard; sourceTree = "<group>"; };
		7ABE23782045061700733DD2 /* Assets.xcassets */ = {isa = PBXFileReference; lastKnownFileType = folder.assetcatalog; path = Assets.xcassets; sourceTree = "<group>"; };
		7ABE237B2045061700733DD2 /* Base */ = {isa = PBXFileReference; lastKnownFileType = file.storyboard; name = Base; path = Base.lproj/LaunchScreen.storyboard; sourceTree = "<group>"; };
		7ABE237D2045061700733DD2 /* Info.plist */ = {isa = PBXFileReference; lastKnownFileType = text.plist.xml; path = Info.plist; sourceTree = "<group>"; };
		7ABE23832045064E00733DD2 /* Sample.plist */ = {isa = PBXFileReference; lastKnownFileType = text.plist.xml; path = Sample.plist; sourceTree = "<group>"; };
		7ABE23852045325B00733DD2 /* MyUserDefault.swift */ = {isa = PBXFileReference; lastKnownFileType = sourcecode.swift; path = MyUserDefault.swift; sourceTree = "<group>"; };
		7ABE2387204533AA00733DD2 /* MyUserData.plist */ = {isa = PBXFileReference; lastKnownFileType = text.plist.xml; path = MyUserData.plist; sourceTree = "<group>"; };
/* End PBXFileReference section */

/* Begin PBXFrameworksBuildPhase section */
		7ABE236B2045061700733DD2 /* Frameworks */ = {
			isa = PBXFrameworksBuildPhase;
			buildActionMask = 2147483647;
			files = (
			);
			runOnlyForDeploymentPostprocessing = 0;
		};
/* End PBXFrameworksBuildPhase section */

/* Begin PBXGroup section */
		7ABE23652045061700733DD2 = {
			isa = PBXGroup;
			children = (
				7ABE23702045061700733DD2 /* PListSample */,
				7ABE236F2045061700733DD2 /* Products */,
			);
			sourceTree = "<group>";
		};
		7ABE236F2045061700733DD2 /* Products */ = {
			isa = PBXGroup;
			children = (
				7ABE236E2045061700733DD2 /* PListSample.app */,
			);
			name = Products;
			sourceTree = "<group>";
		};
		7ABE23702045061700733DD2 /* PListSample */ = {
			isa = PBXGroup;
			children = (
				7ABE23712045061700733DD2 /* AppDelegate.swift */,
				7ABE23732045061700733DD2 /* ViewController.swift */,
				7ABE2387204533AA00733DD2 /* MyUserData.plist */,
				7ABE23852045325B00733DD2 /* MyUserDefault.swift */,
				7ABE23752045061700733DD2 /* Main.storyboard */,
				7ABE23782045061700733DD2 /* Assets.xcassets */,
				7ABE23832045064E00733DD2 /* Sample.plist */,
				7ABE237A2045061700733DD2 /* LaunchScreen.storyboard */,
				7ABE237D2045061700733DD2 /* Info.plist */,
			);
			path = PListSample;
			sourceTree = "<group>";
		};
/* End PBXGroup section */

/* Begin PBXNativeTarget section */
		7ABE236D2045061700733DD2 /* PListSample */ = {
			isa = PBXNativeTarget;
			buildConfigurationList = 7ABE23802045061700733DD2 /* Build configuration list for PBXNativeTarget "PListSample" */;
			buildPhases = (
				7ABE236A2045061700733DD2 /* Sources */,
				7ABE236B2045061700733DD2 /* Frameworks */,
				7ABE236C2045061700733DD2 /* Resources */,
			);
			buildRules = (
			);
			dependencies = (
			);
			name = PListSample;
			productName = PListSample;
			productReference = 7ABE236E2045061700733DD2 /* PListSample.app */;
			productType = "com.apple.product-type.application";
		};
/* End PBXNativeTarget section */

/* Begin PBXProject section */
		7ABE23662045061700733DD2 /* Project object */ = {
			isa = PBXProject;
			attributes = {
				LastSwiftUpdateCheck = 0920;
				LastUpgradeCheck = 0920;
				ORGANIZATIONNAME = "KimYong Ho";
				TargetAttributes = {
					7ABE236D2045061700733DD2 = {
						CreatedOnToolsVersion = 9.2;
						ProvisioningStyle = Automatic;
					};
				};
			};
			buildConfigurationList = 7ABE23692045061700733DD2 /* Build configuration list for PBXProject "PListSample" */;
			compatibilityVersion = "Xcode 8.0";
			developmentRegion = en;
			hasScannedForEncodings = 0;
			knownRegions = (
				en,
				Base,
			);
			mainGroup = 7ABE23652045061700733DD2;
			productRefGroup = 7ABE236F2045061700733DD2 /* Products */;
			projectDirPath = "";
			projectRoot = "";
			targets = (
				7ABE236D2045061700733DD2 /* PListSample */,
			);
		};
/* End PBXProject section */

/* Begin PBXResourcesBuildPhase section */
		7ABE236C2045061700733DD2 /* Resources */ = {
			isa = PBXResourcesBuildPhase;
			buildActionMask = 2147483647;
			files = (
				7ABE23842045064E00733DD2 /* Sample.plist in Resources */,
				7ABE237C2045061700733DD2 /* LaunchScreen.storyboard in Resources */,
				7ABE2388204533AA00733DD2 /* MyUserData.plist in Resources */,
				7ABE23792045061700733DD2 /* Assets.xcassets in Resources */,
				7ABE23772045061700733DD2 /* Main.storyboard in Resources */,
			);
			runOnlyForDeploymentPostprocessing = 0;
		};
/* End PBXResourcesBuildPhase section */

/* Begin PBXSourcesBuildPhase section */
		7ABE236A2045061700733DD2 /* Sources */ = {
			isa = PBXSourcesBuildPhase;
			buildActionMask = 2147483647;
			files = (
				7ABE23862045325B00733DD2 /* MyUserDefault.swift in Sources */,
				7ABE23742045061700733DD2 /* ViewController.swift in Sources */,
				7ABE23722045061700733DD2 /* AppDelegate.swift in Sources */,
			);
			runOnlyForDeploymentPostprocessing = 0;
		};
/* End PBXSourcesBuildPhase section */

/* Begin PBXVariantGroup section */
		7ABE23752045061700733DD2 /* Main.storyboard */ = {
			isa = PBXVariantGroup;
			children = (
				7ABE23762045061700733DD2 /* Base */,
			);
			name = Main.storyboard;
			sourceTree = "<group>";
		};
		7ABE237A2045061700733DD2 /* LaunchScreen.storyboard */ = {
			isa = PBXVariantGroup;
			children = (
				7ABE237B2045061700733DD2 /* Base */,
			);
			name = LaunchScreen.storyboard;
			sourceTree = "<group>";
		};
/* End PBXVariantGroup section */

/* Begin XCBuildConfiguration section */
		7ABE237E2045061700733DD2 /* Debug */ = {
			isa = XCBuildConfiguration;
			buildSettings = {
				ALWAYS_SEARCH_USER_PATHS = NO;
				CLANG_ANALYZER_NONNULL = YES;
				CLANG_ANALYZER_NUMBER_OBJECT_CONVERSION = YES_AGGRESSIVE;
				CLANG_CXX_LANGUAGE_STANDARD = "gnu++14";
				CLANG_CXX_LIBRARY = "libc++";
				CLANG_ENABLE_MODULES = YES;
				CLANG_ENABLE_OBJC_ARC = YES;
				CLANG_WARN_BLOCK_CAPTURE_AUTORELEASING = YES;
				CLANG_WARN_BOOL_CONVERSION = YES;
				CLANG_WARN_COMMA = YES;
				CLANG_WARN_CONSTANT_CONVERSION = YES;
				CLANG_WARN_DIRECT_OBJC_ISA_USAGE = YES_ERROR;
				CLANG_WARN_DOCUMENTATION_COMMENTS = YES;
				CLANG_WARN_EMPTY_BODY = YES;
				CLANG_WARN_ENUM_CONVERSION = YES;
				CLANG_WARN_INFINITE_RECURSION = YES;
				CLANG_WARN_INT_CONVERSION = YES;
				CLANG_WARN_NON_LITERAL_NULL_CONVERSION = YES;
				CLANG_WARN_OBJC_LITERAL_CONVERSION = YES;
				CLANG_WARN_OBJC_ROOT_CLASS = YES_ERROR;
				CLANG_WARN_RANGE_LOOP_ANALYSIS = YES;
				CLANG_WARN_STRICT_PROTOTYPES = YES;
				CLANG_WARN_SUSPICIOUS_MOVE = YES;
				CLANG_WARN_UNGUARDED_AVAILABILITY = YES_AGGRESSIVE;
				CLANG_WARN_UNREACHABLE_CODE = YES;
				CLANG_WARN__DUPLICATE_METHOD_MATCH = YES;
				CODE_SIGN_IDENTITY = "iPhone Developer";
				COPY_PHASE_STRIP = NO;
				DEBUG_INFORMATION_FORMAT = dwarf;
				ENABLE_STRICT_OBJC_MSGSEND = YES;
				ENABLE_TESTABILITY = YES;
				GCC_C_LANGUAGE_STANDARD = gnu11;
				GCC_DYNAMIC_NO_PIC = NO;
				GCC_NO_COMMON_BLOCKS = YES;
				GCC_OPTIMIZATION_LEVEL = 0;
				GCC_PREPROCESSOR_DEFINITIONS = (
					"DEBUG=1",
					"$(inherited)",
				);
				GCC_WARN_64_TO_32_BIT_CONVERSION = YES;
				GCC_WARN_ABOUT_RETURN_TYPE = YES_ERROR;
				GCC_WARN_UNDECLARED_SELECTOR = YES;
				GCC_WARN_UNINITIALIZED_AUTOS = YES_AGGRESSIVE;
				GCC_WARN_UNUSED_FUNCTION = YES;
				GCC_WARN_UNUSED_VARIABLE = YES;
				IPHONEOS_DEPLOYMENT_TARGET = 11.2;
				MTL_ENABLE_DEBUG_INFO = YES;
				ONLY_ACTIVE_ARCH = YES;
				SDKROOT = iphoneos;
				SWIFT_ACTIVE_COMPILATION_CONDITIONS = DEBUG;
				SWIFT_OPTIMIZATION_LEVEL = "-Onone";
			};
			name = Debug;
		};
		7ABE237F2045061700733DD2 /* Release */ = {
			isa = XCBuildConfiguration;
			buildSettings = {
				ALWAYS_SEARCH_USER_PATHS = NO;
				CLANG_ANALYZER_NONNULL = YES;
				CLANG_ANALYZER_NUMBER_OBJECT_CONVERSION = YES_AGGRESSIVE;
				CLANG_CXX_LANGUAGE_STANDARD = "gnu++14";
				CLANG_CXX_LIBRARY = "libc++";
				CLANG_ENABLE_MODULES = YES;
				CLANG_ENABLE_OBJC_ARC = YES;
				CLANG_WARN_BLOCK_CAPTURE_AUTORELEASING = YES;
				CLANG_WARN_BOOL_CONVERSION = YES;
				CLANG_WARN_COMMA = YES;
				CLANG_WARN_CONSTANT_CONVERSION = YES;
				CLANG_WARN_DIRECT_OBJC_ISA_USAGE = YES_ERROR;
				CLANG_WARN_DOCUMENTATION_COMMENTS = YES;
				CLANG_WARN_EMPTY_BODY = YES;
				CLANG_WARN_ENUM_CONVERSION = YES;
				CLANG_WARN_INFINITE_RECURSION = YES;
				CLANG_WARN_INT_CONVERSION = YES;
				CLANG_WARN_NON_LITERAL_NULL_CONVERSION = YES;
				CLANG_WARN_OBJC_LITERAL_CONVERSION = YES;
				CLANG_WARN_OBJC_ROOT_CLASS = YES_ERROR;
				CLANG_WARN_RANGE_LOOP_ANALYSIS = YES;
				CLANG_WARN_STRICT_PROTOTYPES = YES;
				CLANG_WARN_SUSPICIOUS_MOVE = YES;
				CLANG_WARN_UNGUARDED_AVAILABILITY = YES_AGGRESSIVE;
				CLANG_WARN_UNREACHABLE_CODE = YES;
				CLANG_WARN__DUPLICATE_METHOD_MATCH = YES;
				CODE_SIGN_IDENTITY = "iPhone Developer";
				COPY_PHASE_STRIP = NO;
				DEBUG_INFORMATION_FORMAT = "dwarf-with-dsym";
				ENABLE_NS_ASSERTIONS = NO;
				ENABLE_STRICT_OBJC_MSGSEND = YES;
				GCC_C_LANGUAGE_STANDARD = gnu11;
				GCC_NO_COMMON_BLOCKS = YES;
				GCC_WARN_64_TO_32_BIT_CONVERSION = YES;
				GCC_WARN_ABOUT_RETURN_TYPE = YES_ERROR;
				GCC_WARN_UNDECLARED_SELECTOR = YES;
				GCC_WARN_UNINITIALIZED_AUTOS = YES_AGGRESSIVE;
				GCC_WARN_UNUSED_FUNCTION = YES;
				GCC_WARN_UNUSED_VARIABLE = YES;
				IPHONEOS_DEPLOYMENT_TARGET = 11.2;
				MTL_ENABLE_DEBUG_INFO = NO;
				SDKROOT = iphoneos;
				SWIFT_OPTIMIZATION_LEVEL = "-Owholemodule";
				VALIDATE_PRODUCT = YES;
			};
			name = Release;
		};
		7ABE23812045061700733DD2 /* Debug */ = {
			isa = XCBuildConfiguration;
			buildSettings = {
				ASSETCATALOG_COMPILER_APPICON_NAME = AppIcon;
				CODE_SIGN_STYLE = Automatic;
				INFOPLIST_FILE = PListSample/Info.plist;
				LD_RUNPATH_SEARCH_PATHS = "$(inherited) @executable_path/Frameworks";
				PRODUCT_BUNDLE_IDENTIFIER = YHKIM.PListSample;
				PRODUCT_NAME = "$(TARGET_NAME)";
				SWIFT_VERSION = 4.0;
				TARGETED_DEVICE_FAMILY = "1,2";
			};
			name = Debug;
		};
		7ABE23822045061700733DD2 /* Release */ = {
			isa = XCBuildConfiguration;
			buildSettings = {
				ASSETCATALOG_COMPILER_APPICON_NAME = AppIcon;
				CODE_SIGN_STYLE = Automatic;
				INFOPLIST_FILE = PListSample/Info.plist;
				LD_RUNPATH_SEARCH_PATHS = "$(inherited) @executable_path/Frameworks";
				PRODUCT_BUNDLE_IDENTIFIER = YHKIM.PListSample;
				PRODUCT_NAME = "$(TARGET_NAME)";
				SWIFT_VERSION = 4.0;
				TARGETED_DEVICE_FAMILY = "1,2";
			};
			name = Release;
		};
/* End XCBuildConfiguration section */

/* Begin XCConfigurationList section */
		7ABE23692045061700733DD2 /* Build configuration list for PBXProject "PListSample" */ = {
			isa = XCConfigurationList;
			buildConfigurations = (
				7ABE237E2045061700733DD2 /* Debug */,
				7ABE237F2045061700733DD2 /* Release */,
			);
			defaultConfigurationIsVisible = 0;
			defaultConfigurationName = Release;
		};
		7ABE23802045061700733DD2 /* Build configuration list for PBXNativeTarget "PListSample" */ = {
			isa = XCConfigurationList;
			buildConfigurations = (
				7ABE23812045061700733DD2 /* Debug */,
				7ABE23822045061700733DD2 /* Release */,
			);
			defaultConfigurationIsVisible = 0;
			defaultConfigurationName = Release;
		};
/* End XCConfigurationList section */
	};
	rootObject = 7ABE23662045061700733DD2 /* Project object */;
}
