// !$*UTF8*$!
{
	archiveVersion = 1;
	classes = {
	};
	objectVersion = 48;
	objects = {

/* Begin PBXBuildFile section */
		7AA1CD852005B92E00BC423A /* AppDelegate.swift in Sources */ = {isa = PBXBuildFile; fileRef = 7AA1CD842005B92E00BC423A /* AppDelegate.swift */; };
		7AA1CD872005B92E00BC423A /* ViewController.swift in Sources */ = {isa = PBXBuildFile; fileRef = 7AA1CD862005B92E00BC423A /* ViewController.swift */; };
		7AA1CD8A2005B92E00BC423A /* Main.storyboard in Resources */ = {isa = PBXBuildFile; fileRef = 7AA1CD882005B92E00BC423A /* Main.storyboard */; };
		7AA1CD8C2005B92E00BC423A /* Assets.xcassets in Resources */ = {isa = PBXBuildFile; fileRef = 7AA1CD8B2005B92E00BC423A /* Assets.xcassets */; };
		7AA1CD8F2005B92E00BC423A /* LaunchScreen.storyboard in Resources */ = {isa = PBXBuildFile; fileRef = 7AA1CD8D2005B92E00BC423A /* LaunchScreen.storyboard */; };
		7AA1CD972005E15600BC423A /* KakaoTalk_2017-10-31-14-32-58_Photo_69.jpeg in Resources */ = {isa = PBXBuildFile; fileRef = 7AA1CD962005E15600BC423A /* KakaoTalk_2017-10-31-14-32-58_Photo_69.jpeg */; };
/* End PBXBuildFile section */

/* Begin PBXFileReference section */
		7AA1CD812005B92E00BC423A /* FantasticApp.app */ = {isa = PBXFileReference; explicitFileType = wrapper.application; includeInIndex = 0; path = FantasticApp.app; sourceTree = BUILT_PRODUCTS_DIR; };
		7AA1CD842005B92E00BC423A /* AppDelegate.swift */ = {isa = PBXFileReference; lastKnownFileType = sourcecode.swift; path = AppDelegate.swift; sourceTree = "<group>"; };
		7AA1CD862005B92E00BC423A /* ViewController.swift */ = {isa = PBXFileReference; lastKnownFileType = sourcecode.swift; path = ViewController.swift; sourceTree = "<group>"; };
		7AA1CD892005B92E00BC423A /* Base */ = {isa = PBXFileReference; lastKnownFileType = file.storyboard; name = Base; path = Base.lproj/Main.storyboard; sourceTree = "<group>"; };
		7AA1CD8B2005B92E00BC423A /* Assets.xcassets */ = {isa = PBXFileReference; lastKnownFileType = folder.assetcatalog; path = Assets.xcassets; sourceTree = "<group>"; };
		7AA1CD8E2005B92E00BC423A /* Base */ = {isa = PBXFileReference; lastKnownFileType = file.storyboard; name = Base; path = Base.lproj/LaunchScreen.storyboard; sourceTree = "<group>"; };
		7AA1CD902005B92E00BC423A /* Info.plist */ = {isa = PBXFileReference; lastKnownFileType = text.plist.xml; path = Info.plist; sourceTree = "<group>"; };
		7AA1CD962005E15600BC423A /* KakaoTalk_2017-10-31-14-32-58_Photo_69.jpeg */ = {isa = PBXFileReference; lastKnownFileType = image.jpeg; path = "KakaoTalk_2017-10-31-14-32-58_Photo_69.jpeg"; sourceTree = "<group>"; };
/* End PBXFileReference section */

/* Begin PBXFrameworksBuildPhase section */
		7AA1CD7E2005B92E00BC423A /* Frameworks */ = {
			isa = PBXFrameworksBuildPhase;
			buildActionMask = 2147483647;
			files = (
			);
			runOnlyForDeploymentPostprocessing = 0;
		};
/* End PBXFrameworksBuildPhase section */

/* Begin PBXGroup section */
		7AA1CD782005B92E00BC423A = {
			isa = PBXGroup;
			children = (
				7AA1CD832005B92E00BC423A /* FantasticApp */,
				7AA1CD822005B92E00BC423A /* Products */,
			);
			sourceTree = "<group>";
		};
		7AA1CD822005B92E00BC423A /* Products */ = {
			isa = PBXGroup;
			children = (
				7AA1CD812005B92E00BC423A /* FantasticApp.app */,
			);
			name = Products;
			sourceTree = "<group>";
		};
		7AA1CD832005B92E00BC423A /* FantasticApp */ = {
			isa = PBXGroup;
			children = (
				7AA1CD842005B92E00BC423A /* AppDelegate.swift */,
				7AA1CD862005B92E00BC423A /* ViewController.swift */,
				7AA1CD882005B92E00BC423A /* Main.storyboard */,
				7AA1CD8B2005B92E00BC423A /* Assets.xcassets */,
				7AA1CD962005E15600BC423A /* KakaoTalk_2017-10-31-14-32-58_Photo_69.jpeg */,
				7AA1CD8D2005B92E00BC423A /* LaunchScreen.storyboard */,
				7AA1CD902005B92E00BC423A /* Info.plist */,
			);
			path = FantasticApp;
			sourceTree = "<group>";
		};
/* End PBXGroup section */

/* Begin PBXNativeTarget section */
		7AA1CD802005B92E00BC423A /* FantasticApp */ = {
			isa = PBXNativeTarget;
			buildConfigurationList = 7AA1CD932005B92E00BC423A /* Build configuration list for PBXNativeTarget "FantasticApp" */;
			buildPhases = (
				7AA1CD7D2005B92E00BC423A /* Sources */,
				7AA1CD7E2005B92E00BC423A /* Frameworks */,
				7AA1CD7F2005B92E00BC423A /* Resources */,
			);
			buildRules = (
			);
			dependencies = (
			);
			name = FantasticApp;
			productName = FantasticApp;
			productReference = 7AA1CD812005B92E00BC423A /* FantasticApp.app */;
			productType = "com.apple.product-type.application";
		};
/* End PBXNativeTarget section */

/* Begin PBXProject section */
		7AA1CD792005B92E00BC423A /* Project object */ = {
			isa = PBXProject;
			attributes = {
				LastSwiftUpdateCheck = 0920;
				LastUpgradeCheck = 0920;
				ORGANIZATIONNAME = "KimYong Ho";
				TargetAttributes = {
					7AA1CD802005B92E00BC423A = {
						CreatedOnToolsVersion = 9.2;
						ProvisioningStyle = Automatic;
					};
				};
			};
			buildConfigurationList = 7AA1CD7C2005B92E00BC423A /* Build configuration list for PBXProject "FantasticApp" */;
			compatibilityVersion = "Xcode 8.0";
			developmentRegion = en;
			hasScannedForEncodings = 0;
			knownRegions = (
				en,
				Base,
			);
			mainGroup = 7AA1CD782005B92E00BC423A;
			productRefGroup = 7AA1CD822005B92E00BC423A /* Products */;
			projectDirPath = "";
			projectRoot = "";
			targets = (
				7AA1CD802005B92E00BC423A /* FantasticApp */,
			);
		};
/* End PBXProject section */

/* Begin PBXResourcesBuildPhase section */
		7AA1CD7F2005B92E00BC423A /* Resources */ = {
			isa = PBXResourcesBuildPhase;
			buildActionMask = 2147483647;
			files = (
				7AA1CD8F2005B92E00BC423A /* LaunchScreen.storyboard in Resources */,
				7AA1CD8C2005B92E00BC423A /* Assets.xcassets in Resources */,
				7AA1CD8A2005B92E00BC423A /* Main.storyboard in Resources */,
				7AA1CD972005E15600BC423A /* KakaoTalk_2017-10-31-14-32-58_Photo_69.jpeg in Resources */,
			);
			runOnlyForDeploymentPostprocessing = 0;
		};
/* End PBXResourcesBuildPhase section */

/* Begin PBXSourcesBuildPhase section */
		7AA1CD7D2005B92E00BC423A /* Sources */ = {
			isa = PBXSourcesBuildPhase;
			buildActionMask = 2147483647;
			files = (
				7AA1CD872005B92E00BC423A /* ViewController.swift in Sources */,
				7AA1CD852005B92E00BC423A /* AppDelegate.swift in Sources */,
			);
			runOnlyForDeploymentPostprocessing = 0;
		};
/* End PBXSourcesBuildPhase section */

/* Begin PBXVariantGroup section */
		7AA1CD882005B92E00BC423A /* Main.storyboard */ = {
			isa = PBXVariantGroup;
			children = (
				7AA1CD892005B92E00BC423A /* Base */,
			);
			name = Main.storyboard;
			sourceTree = "<group>";
		};
		7AA1CD8D2005B92E00BC423A /* LaunchScreen.storyboard */ = {
			isa = PBXVariantGroup;
			children = (
				7AA1CD8E2005B92E00BC423A /* Base */,
			);
			name = LaunchScreen.storyboard;
			sourceTree = "<group>";
		};
/* End PBXVariantGroup section */

/* Begin XCBuildConfiguration section */
		7AA1CD912005B92E00BC423A /* Debug */ = {
			isa = XCBuildConfiguration;
			buildSettings = {
				ALWAYS_SEARCH_USER_PATHS = NO;
				CLANG_ANALYZER_NONNULL = YES;
				CLANG_ANALYZER_NUMBER_OBJECT_CONVERSION = YES_AGGRESSIVE;
				CLANG_CXX_LANGUAGE_STANDARD = "gnu++14";
				CLANG_CXX_LIBRARY = "libc++";
				CLANG_ENABLE_MODULES = YES;
				CLANG_ENABLE_OBJC_ARC = YES;
				CLANG_WARN_BLOCK_CAPTURE_AUTORELEASING = YES;
				CLANG_WARN_BOOL_CONVERSION = YES;
				CLANG_WARN_COMMA = YES;
				CLANG_WARN_CONSTANT_CONVERSION = YES;
				CLANG_WARN_DIRECT_OBJC_ISA_USAGE = YES_ERROR;
				CLANG_WARN_DOCUMENTATION_COMMENTS = YES;
				CLANG_WARN_EMPTY_BODY = YES;
				CLANG_WARN_ENUM_CONVERSION = YES;
				CLANG_WARN_INFINITE_RECURSION = YES;
				CLANG_WARN_INT_CONVERSION = YES;
				CLANG_WARN_NON_LITERAL_NULL_CONVERSION = YES;
				CLANG_WARN_OBJC_LITERAL_CONVERSION = YES;
				CLANG_WARN_OBJC_ROOT_CLASS = YES_ERROR;
				CLANG_WARN_RANGE_LOOP_ANALYSIS = YES;
				CLANG_WARN_STRICT_PROTOTYPES = YES;
				CLANG_WARN_SUSPICIOUS_MOVE = YES;
				CLANG_WARN_UNGUARDED_AVAILABILITY = YES_AGGRESSIVE;
				CLANG_WARN_UNREACHABLE_CODE = YES;
				CLANG_WARN__DUPLICATE_METHOD_MATCH = YES;
				CODE_SIGN_IDENTITY = "iPhone Developer";
				COPY_PHASE_STRIP = NO;
				DEBUG_INFORMATION_FORMAT = dwarf;
				ENABLE_STRICT_OBJC_MSGSEND = YES;
				ENABLE_TESTABILITY = YES;
				GCC_C_LANGUAGE_STANDARD = gnu11;
				GCC_DYNAMIC_NO_PIC = NO;
				GCC_NO_COMMON_BLOCKS = YES;
				GCC_OPTIMIZATION_LEVEL = 0;
				GCC_PREPROCESSOR_DEFINITIONS = (
					"DEBUG=1",
					"$(inherited)",
				);
				GCC_WARN_64_TO_32_BIT_CONVERSION = YES;
				GCC_WARN_ABOUT_RETURN_TYPE = YES_ERROR;
				GCC_WARN_UNDECLARED_SELECTOR = YES;
				GCC_WARN_UNINITIALIZED_AUTOS = YES_AGGRESSIVE;
				GCC_WARN_UNUSED_FUNCTION = YES;
				GCC_WARN_UNUSED_VARIABLE = YES;
				IPHONEOS_DEPLOYMENT_TARGET = 11.2;
				MTL_ENABLE_DEBUG_INFO = YES;
				ONLY_ACTIVE_ARCH = YES;
				SDKROOT = iphoneos;
				SWIFT_ACTIVE_COMPILATION_CONDITIONS = DEBUG;
				SWIFT_OPTIMIZATION_LEVEL = "-Onone";
			};
			name = Debug;
		};
		7AA1CD922005B92E00BC423A /* Release */ = {
			isa = XCBuildConfiguration;
			buildSettings = {
				ALWAYS_SEARCH_USER_PATHS = NO;
				CLANG_ANALYZER_NONNULL = YES;
				CLANG_ANALYZER_NUMBER_OBJECT_CONVERSION = YES_AGGRESSIVE;
				CLANG_CXX_LANGUAGE_STANDARD = "gnu++14";
				CLANG_CXX_LIBRARY = "libc++";
				CLANG_ENABLE_MODULES = YES;
				CLANG_ENABLE_OBJC_ARC = YES;
				CLANG_WARN_BLOCK_CAPTURE_AUTORELEASING = YES;
				CLANG_WARN_BOOL_CONVERSION = YES;
				CLANG_WARN_COMMA = YES;
				CLANG_WARN_CONSTANT_CONVERSION = YES;
				CLANG_WARN_DIRECT_OBJC_ISA_USAGE = YES_ERROR;
				CLANG_WARN_DOCUMENTATION_COMMENTS = YES;
				CLANG_WARN_EMPTY_BODY = YES;
				CLANG_WARN_ENUM_CONVERSION = YES;
				CLANG_WARN_INFINITE_RECURSION = YES;
				CLANG_WARN_INT_CONVERSION = YES;
				CLANG_WARN_NON_LITERAL_NULL_CONVERSION = YES;
				CLANG_WARN_OBJC_LITERAL_CONVERSION = YES;
				CLANG_WARN_OBJC_ROOT_CLASS = YES_ERROR;
				CLANG_WARN_RANGE_LOOP_ANALYSIS = YES;
				CLANG_WARN_STRICT_PROTOTYPES = YES;
				CLANG_WARN_SUSPICIOUS_MOVE = YES;
				CLANG_WARN_UNGUARDED_AVAILABILITY = YES_AGGRESSIVE;
				CLANG_WARN_UNREACHABLE_CODE = YES;
				CLANG_WARN__DUPLICATE_METHOD_MATCH = YES;
				CODE_SIGN_IDENTITY = "iPhone Developer";
				COPY_PHASE_STRIP = NO;
				DEBUG_INFORMATION_FORMAT = "dwarf-with-dsym";
				ENABLE_NS_ASSERTIONS = NO;
				ENABLE_STRICT_OBJC_MSGSEND = YES;
				GCC_C_LANGUAGE_STANDARD = gnu11;
				GCC_NO_COMMON_BLOCKS = YES;
				GCC_WARN_64_TO_32_BIT_CONVERSION = YES;
				GCC_WARN_ABOUT_RETURN_TYPE = YES_ERROR;
				GCC_WARN_UNDECLARED_SELECTOR = YES;
				GCC_WARN_UNINITIALIZED_AUTOS = YES_AGGRESSIVE;
				GCC_WARN_UNUSED_FUNCTION = YES;
				GCC_WARN_UNUSED_VARIABLE = YES;
				IPHONEOS_DEPLOYMENT_TARGET = 11.2;
				MTL_ENABLE_DEBUG_INFO = NO;
				SDKROOT = iphoneos;
				SWIFT_OPTIMIZATION_LEVEL = "-Owholemodule";
				VALIDATE_PRODUCT = YES;
			};
			name = Release;
		};
		7AA1CD942005B92E00BC423A /* Debug */ = {
			isa = XCBuildConfiguration;
			buildSettings = {
				ASSETCATALOG_COMPILER_APPICON_NAME = AppIcon;
				CODE_SIGN_STYLE = Automatic;
				INFOPLIST_FILE = FantasticApp/Info.plist;
				LD_RUNPATH_SEARCH_PATHS = "$(inherited) @executable_path/Frameworks";
				PRODUCT_BUNDLE_IDENTIFIER = YHKIM.FantasticApp;
				PRODUCT_NAME = "$(TARGET_NAME)";
				SWIFT_VERSION = 4.0;
				TARGETED_DEVICE_FAMILY = "1,2";
			};
			name = Debug;
		};
		7AA1CD952005B92E00BC423A /* Release */ = {
			isa = XCBuildConfiguration;
			buildSettings = {
				ASSETCATALOG_COMPILER_APPICON_NAME = AppIcon;
				CODE_SIGN_STYLE = Automatic;
				INFOPLIST_FILE = FantasticApp/Info.plist;
				LD_RUNPATH_SEARCH_PATHS = "$(inherited) @executable_path/Frameworks";
				PRODUCT_BUNDLE_IDENTIFIER = YHKIM.FantasticApp;
				PRODUCT_NAME = "$(TARGET_NAME)";
				SWIFT_VERSION = 4.0;
				TARGETED_DEVICE_FAMILY = "1,2";
			};
			name = Release;
		};
/* End XCBuildConfiguration section */

/* Begin XCConfigurationList section */
		7AA1CD7C2005B92E00BC423A /* Build configuration list for PBXProject "FantasticApp" */ = {
			isa = XCConfigurationList;
			buildConfigurations = (
				7AA1CD912005B92E00BC423A /* Debug */,
				7AA1CD922005B92E00BC423A /* Release */,
			);
			defaultConfigurationIsVisible = 0;
			defaultConfigurationName = Release;
		};
		7AA1CD932005B92E00BC423A /* Build configuration list for PBXNativeTarget "FantasticApp" */ = {
			isa = XCConfigurationList;
			buildConfigurations = (
				7AA1CD942005B92E00BC423A /* Debug */,
				7AA1CD952005B92E00BC423A /* Release */,
			);
			defaultConfigurationIsVisible = 0;
			defaultConfigurationName = Release;
		};
/* End XCConfigurationList section */
	};
	rootObject = 7AA1CD792005B92E00BC423A /* Project object */;
}
