// !$*UTF8*$!
{
	archiveVersion = 1;
	classes = {
	};
	objectVersion = 48;
	objects = {

/* Begin PBXBuildFile section */
		2EA9659E8C989B3B6448E9AE /* Pods_Firebase___________________.framework in Frameworks */ = {isa = PBXBuildFile; fileRef = F0FF14BDE2E451EBB40F1C57 /* Pods_Firebase___________________.framework */; };
		7A5867DE205CC10B002198E2 /* GoogleService-Info.plist in Resources */ = {isa = PBXBuildFile; fileRef = 7A5867DD205CC10B002198E2 /* GoogleService-Info.plist */; };
		7AAA05BC205CAAA100F1F867 /* AppDelegate.swift in Sources */ = {isa = PBXBuildFile; fileRef = 7AAA05BB205CAAA100F1F867 /* AppDelegate.swift */; };
		7AAA05BE205CAAA100F1F867 /* ViewController.swift in Sources */ = {isa = PBXBuildFile; fileRef = 7AAA05BD205CAAA100F1F867 /* ViewController.swift */; };
		7AAA05C1205CAAA100F1F867 /* Main.storyboard in Resources */ = {isa = PBXBuildFile; fileRef = 7AAA05BF205CAAA100F1F867 /* Main.storyboard */; };
		7AAA05C3205CAAA100F1F867 /* Assets.xcassets in Resources */ = {isa = PBXBuildFile; fileRef = 7AAA05C2205CAAA100F1F867 /* Assets.xcassets */; };
		7AAA05C6205CAAA100F1F867 /* LaunchScreen.storyboard in Resources */ = {isa = PBXBuildFile; fileRef = 7AAA05C4205CAAA100F1F867 /* LaunchScreen.storyboard */; };
/* End PBXBuildFile section */

/* Begin PBXFileReference section */
		1140ED76CC83DC449EEDDB7F /* Pods-Firebase실습(장인수님).release.xcconfig */ = {isa = PBXFileReference; includeInIndex = 1; lastKnownFileType = text.xcconfig; name = "Pods-Firebase실습(장인수님).release.xcconfig"; path = "Pods/Target Support Files/Pods-Firebase실습(장인수님)/Pods-Firebase실습(장인수님).release.xcconfig"; sourceTree = "<group>"; };
		1808FF84CFF59339B8632270 /* Pods-Firebase실습(장인수님).debug.xcconfig */ = {isa = PBXFileReference; includeInIndex = 1; lastKnownFileType = text.xcconfig; name = "Pods-Firebase실습(장인수님).debug.xcconfig"; path = "Pods/Target Support Files/Pods-Firebase실습(장인수님)/Pods-Firebase실습(장인수님).debug.xcconfig"; sourceTree = "<group>"; };
		7A5867DD205CC10B002198E2 /* GoogleService-Info.plist */ = {isa = PBXFileReference; fileEncoding = 4; lastKnownFileType = text.plist.xml; path = "GoogleService-Info.plist"; sourceTree = "<group>"; };
		7AAA05B8205CAAA100F1F867 /* Firebase실습(장인수님).app */ = {isa = PBXFileReference; explicitFileType = wrapper.application; includeInIndex = 0; path = "Firebase실습(장인수님).app"; sourceTree = BUILT_PRODUCTS_DIR; };
		7AAA05BB205CAAA100F1F867 /* AppDelegate.swift */ = {isa = PBXFileReference; lastKnownFileType = sourcecode.swift; path = AppDelegate.swift; sourceTree = "<group>"; };
		7AAA05BD205CAAA100F1F867 /* ViewController.swift */ = {isa = PBXFileReference; lastKnownFileType = sourcecode.swift; path = ViewController.swift; sourceTree = "<group>"; };
		7AAA05C0205CAAA100F1F867 /* Base */ = {isa = PBXFileReference; lastKnownFileType = file.storyboard; name = Base; path = Base.lproj/Main.storyboard; sourceTree = "<group>"; };
		7AAA05C2205CAAA100F1F867 /* Assets.xcassets */ = {isa = PBXFileReference; lastKnownFileType = folder.assetcatalog; path = Assets.xcassets; sourceTree = "<group>"; };
		7AAA05C5205CAAA100F1F867 /* Base */ = {isa = PBXFileReference; lastKnownFileType = file.storyboard; name = Base; path = Base.lproj/LaunchScreen.storyboard; sourceTree = "<group>"; };
		7AAA05C7205CAAA100F1F867 /* Info.plist */ = {isa = PBXFileReference; lastKnownFileType = text.plist.xml; path = Info.plist; sourceTree = "<group>"; };
		F0FF14BDE2E451EBB40F1C57 /* Pods_Firebase___________________.framework */ = {isa = PBXFileReference; explicitFileType = wrapper.framework; includeInIndex = 0; path = "Pods_Firebase___________________.framework"; sourceTree = BUILT_PRODUCTS_DIR; };
/* End PBXFileReference section */

/* Begin PBXFrameworksBuildPhase section */
		7AAA05B5205CAAA100F1F867 /* Frameworks */ = {
			isa = PBXFrameworksBuildPhase;
			buildActionMask = 2147483647;
			files = (
				2EA9659E8C989B3B6448E9AE /* Pods_Firebase___________________.framework in Frameworks */,
			);
			runOnlyForDeploymentPostprocessing = 0;
		};
/* End PBXFrameworksBuildPhase section */

/* Begin PBXGroup section */
		0E321058F9D55E5598C2DD22 /* Frameworks */ = {
			isa = PBXGroup;
			children = (
				F0FF14BDE2E451EBB40F1C57 /* Pods_Firebase___________________.framework */,
			);
			name = Frameworks;
			sourceTree = "<group>";
		};
		494E88CDDAF0C795B7F7562A /* Pods */ = {
			isa = PBXGroup;
			children = (
				1808FF84CFF59339B8632270 /* Pods-Firebase실습(장인수님).debug.xcconfig */,
				1140ED76CC83DC449EEDDB7F /* Pods-Firebase실습(장인수님).release.xcconfig */,
			);
			name = Pods;
			sourceTree = "<group>";
		};
		7AAA05AF205CAAA100F1F867 = {
			isa = PBXGroup;
			children = (
				7AAA05BA205CAAA100F1F867 /* Firebase실습(장인수님) */,
				7AAA05B9205CAAA100F1F867 /* Products */,
				494E88CDDAF0C795B7F7562A /* Pods */,
				0E321058F9D55E5598C2DD22 /* Frameworks */,
			);
			sourceTree = "<group>";
		};
		7AAA05B9205CAAA100F1F867 /* Products */ = {
			isa = PBXGroup;
			children = (
				7AAA05B8205CAAA100F1F867 /* Firebase실습(장인수님).app */,
			);
			name = Products;
			sourceTree = "<group>";
		};
		7AAA05BA205CAAA100F1F867 /* Firebase실습(장인수님) */ = {
			isa = PBXGroup;
			children = (
				7AAA05BB205CAAA100F1F867 /* AppDelegate.swift */,
				7AAA05BD205CAAA100F1F867 /* ViewController.swift */,
				7AAA05BF205CAAA100F1F867 /* Main.storyboard */,
				7AAA05C2205CAAA100F1F867 /* Assets.xcassets */,
				7AAA05C4205CAAA100F1F867 /* LaunchScreen.storyboard */,
				7A5867DD205CC10B002198E2 /* GoogleService-Info.plist */,
				7AAA05C7205CAAA100F1F867 /* Info.plist */,
			);
			path = "Firebase실습(장인수님)";
			sourceTree = "<group>";
		};
/* End PBXGroup section */

/* Begin PBXNativeTarget section */
		7AAA05B7205CAAA100F1F867 /* Firebase실습(장인수님) */ = {
			isa = PBXNativeTarget;
			buildConfigurationList = 7AAA05CA205CAAA100F1F867 /* Build configuration list for PBXNativeTarget "Firebase실습(장인수님)" */;
			buildPhases = (
				2A3243F0D8D405D4C27A4F47 /* [CP] Check Pods Manifest.lock */,
				7AAA05B4205CAAA100F1F867 /* Sources */,
				7AAA05B5205CAAA100F1F867 /* Frameworks */,
				7AAA05B6205CAAA100F1F867 /* Resources */,
				2ADE6B971A5B410B68EDC9B0 /* [CP] Embed Pods Frameworks */,
				E7FD9C261391ED11B6E7FDA8 /* [CP] Copy Pods Resources */,
			);
			buildRules = (
			);
			dependencies = (
			);
			name = "Firebase실습(장인수님)";
			productName = "Firebase실습(장인수님)";
			productReference = 7AAA05B8205CAAA100F1F867 /* Firebase실습(장인수님).app */;
			productType = "com.apple.product-type.application";
		};
/* End PBXNativeTarget section */

/* Begin PBXProject section */
		7AAA05B0205CAAA100F1F867 /* Project object */ = {
			isa = PBXProject;
			attributes = {
				LastSwiftUpdateCheck = 0920;
				LastUpgradeCheck = 0920;
				ORGANIZATIONNAME = "KimYong Ho";
				TargetAttributes = {
					7AAA05B7205CAAA100F1F867 = {
						CreatedOnToolsVersion = 9.2;
						ProvisioningStyle = Automatic;
					};
				};
			};
			buildConfigurationList = 7AAA05B3205CAAA100F1F867 /* Build configuration list for PBXProject "Firebase실습(장인수님)" */;
			compatibilityVersion = "Xcode 8.0";
			developmentRegion = en;
			hasScannedForEncodings = 0;
			knownRegions = (
				en,
				Base,
			);
			mainGroup = 7AAA05AF205CAAA100F1F867;
			productRefGroup = 7AAA05B9205CAAA100F1F867 /* Products */;
			projectDirPath = "";
			projectRoot = "";
			targets = (
				7AAA05B7205CAAA100F1F867 /* Firebase실습(장인수님) */,
			);
		};
/* End PBXProject section */

/* Begin PBXResourcesBuildPhase section */
		7AAA05B6205CAAA100F1F867 /* Resources */ = {
			isa = PBXResourcesBuildPhase;
			buildActionMask = 2147483647;
			files = (
				7AAA05C6205CAAA100F1F867 /* LaunchScreen.storyboard in Resources */,
				7A5867DE205CC10B002198E2 /* GoogleService-Info.plist in Resources */,
				7AAA05C3205CAAA100F1F867 /* Assets.xcassets in Resources */,
				7AAA05C1205CAAA100F1F867 /* Main.storyboard in Resources */,
			);
			runOnlyForDeploymentPostprocessing = 0;
		};
/* End PBXResourcesBuildPhase section */

/* Begin PBXShellScriptBuildPhase section */
		2A3243F0D8D405D4C27A4F47 /* [CP] Check Pods Manifest.lock */ = {
			isa = PBXShellScriptBuildPhase;
			buildActionMask = 2147483647;
			files = (
			);
			inputPaths = (
				"${PODS_PODFILE_DIR_PATH}/Podfile.lock",
				"${PODS_ROOT}/Manifest.lock",
			);
			name = "[CP] Check Pods Manifest.lock";
			outputPaths = (
				"$(DERIVED_FILE_DIR)/Pods-Firebase실습(장인수님)-checkManifestLockResult.txt",
			);
			runOnlyForDeploymentPostprocessing = 0;
			shellPath = /bin/sh;
			shellScript = "diff \"${PODS_PODFILE_DIR_PATH}/Podfile.lock\" \"${PODS_ROOT}/Manifest.lock\" > /dev/null\nif [ $? != 0 ] ; then\n    # print error to STDERR\n    echo \"error: The sandbox is not in sync with the Podfile.lock. Run 'pod install' or update your CocoaPods installation.\" >&2\n    exit 1\nfi\n# This output is used by Xcode 'outputs' to avoid re-running this script phase.\necho \"SUCCESS\" > \"${SCRIPT_OUTPUT_FILE_0}\"\n";
			showEnvVarsInLog = 0;
		};
		2ADE6B971A5B410B68EDC9B0 /* [CP] Embed Pods Frameworks */ = {
			isa = PBXShellScriptBuildPhase;
			buildActionMask = 2147483647;
			files = (
			);
			inputPaths = (
				"${SRCROOT}/Pods/Target Support Files/Pods-Firebase실습(장인수님)/Pods-Firebase실습(장인수님)-frameworks.sh",
				"${BUILT_PRODUCTS_DIR}/GoogleToolboxForMac/GoogleToolboxForMac.framework",
				"${BUILT_PRODUCTS_DIR}/leveldb-library/leveldb.framework",
				"${BUILT_PRODUCTS_DIR}/nanopb/nanopb.framework",
			);
			name = "[CP] Embed Pods Frameworks";
			outputPaths = (
				"${TARGET_BUILD_DIR}/${FRAMEWORKS_FOLDER_PATH}/GoogleToolboxForMac.framework",
				"${TARGET_BUILD_DIR}/${FRAMEWORKS_FOLDER_PATH}/leveldb.framework",
				"${TARGET_BUILD_DIR}/${FRAMEWORKS_FOLDER_PATH}/nanopb.framework",
			);
			runOnlyForDeploymentPostprocessing = 0;
			shellPath = /bin/sh;
			shellScript = "\"${SRCROOT}/Pods/Target Support Files/Pods-Firebase실습(장인수님)/Pods-Firebase실습(장인수님)-frameworks.sh\"\n";
			showEnvVarsInLog = 0;
		};
		E7FD9C261391ED11B6E7FDA8 /* [CP] Copy Pods Resources */ = {
			isa = PBXShellScriptBuildPhase;
			buildActionMask = 2147483647;
			files = (
			);
			inputPaths = (
			);
			name = "[CP] Copy Pods Resources";
			outputPaths = (
			);
			runOnlyForDeploymentPostprocessing = 0;
			shellPath = /bin/sh;
			shellScript = "\"${SRCROOT}/Pods/Target Support Files/Pods-Firebase실습(장인수님)/Pods-Firebase실습(장인수님)-resources.sh\"\n";
			showEnvVarsInLog = 0;
		};
/* End PBXShellScriptBuildPhase section */

/* Begin PBXSourcesBuildPhase section */
		7AAA05B4205CAAA100F1F867 /* Sources */ = {
			isa = PBXSourcesBuildPhase;
			buildActionMask = 2147483647;
			files = (
				7AAA05BE205CAAA100F1F867 /* ViewController.swift in Sources */,
				7AAA05BC205CAAA100F1F867 /* AppDelegate.swift in Sources */,
			);
			runOnlyForDeploymentPostprocessing = 0;
		};
/* End PBXSourcesBuildPhase section */

/* Begin PBXVariantGroup section */
		7AAA05BF205CAAA100F1F867 /* Main.storyboard */ = {
			isa = PBXVariantGroup;
			children = (
				7AAA05C0205CAAA100F1F867 /* Base */,
			);
			name = Main.storyboard;
			sourceTree = "<group>";
		};
		7AAA05C4205CAAA100F1F867 /* LaunchScreen.storyboard */ = {
			isa = PBXVariantGroup;
			children = (
				7AAA05C5205CAAA100F1F867 /* Base */,
			);
			name = LaunchScreen.storyboard;
			sourceTree = "<group>";
		};
/* End PBXVariantGroup section */

/* Begin XCBuildConfiguration section */
		7AAA05C8205CAAA100F1F867 /* Debug */ = {
			isa = XCBuildConfiguration;
			buildSettings = {
				ALWAYS_SEARCH_USER_PATHS = NO;
				CLANG_ANALYZER_NONNULL = YES;
				CLANG_ANALYZER_NUMBER_OBJECT_CONVERSION = YES_AGGRESSIVE;
				CLANG_CXX_LANGUAGE_STANDARD = "gnu++14";
				CLANG_CXX_LIBRARY = "libc++";
				CLANG_ENABLE_MODULES = YES;
				CLANG_ENABLE_OBJC_ARC = YES;
				CLANG_WARN_BLOCK_CAPTURE_AUTORELEASING = YES;
				CLANG_WARN_BOOL_CONVERSION = YES;
				CLANG_WARN_COMMA = YES;
				CLANG_WARN_CONSTANT_CONVERSION = YES;
				CLANG_WARN_DIRECT_OBJC_ISA_USAGE = YES_ERROR;
				CLANG_WARN_DOCUMENTATION_COMMENTS = YES;
				CLANG_WARN_EMPTY_BODY = YES;
				CLANG_WARN_ENUM_CONVERSION = YES;
				CLANG_WARN_INFINITE_RECURSION = YES;
				CLANG_WARN_INT_CONVERSION = YES;
				CLANG_WARN_NON_LITERAL_NULL_CONVERSION = YES;
				CLANG_WARN_OBJC_LITERAL_CONVERSION = YES;
				CLANG_WARN_OBJC_ROOT_CLASS = YES_ERROR;
				CLANG_WARN_RANGE_LOOP_ANALYSIS = YES;
				CLANG_WARN_STRICT_PROTOTYPES = YES;
				CLANG_WARN_SUSPICIOUS_MOVE = YES;
				CLANG_WARN_UNGUARDED_AVAILABILITY = YES_AGGRESSIVE;
				CLANG_WARN_UNREACHABLE_CODE = YES;
				CLANG_WARN__DUPLICATE_METHOD_MATCH = YES;
				CODE_SIGN_IDENTITY = "iPhone Developer";
				COPY_PHASE_STRIP = NO;
				DEBUG_INFORMATION_FORMAT = dwarf;
				ENABLE_STRICT_OBJC_MSGSEND = YES;
				ENABLE_TESTABILITY = YES;
				GCC_C_LANGUAGE_STANDARD = gnu11;
				GCC_DYNAMIC_NO_PIC = NO;
				GCC_NO_COMMON_BLOCKS = YES;
				GCC_OPTIMIZATION_LEVEL = 0;
				GCC_PREPROCESSOR_DEFINITIONS = (
					"DEBUG=1",
					"$(inherited)",
				);
				GCC_WARN_64_TO_32_BIT_CONVERSION = YES;
				GCC_WARN_ABOUT_RETURN_TYPE = YES_ERROR;
				GCC_WARN_UNDECLARED_SELECTOR = YES;
				GCC_WARN_UNINITIALIZED_AUTOS = YES_AGGRESSIVE;
				GCC_WARN_UNUSED_FUNCTION = YES;
				GCC_WARN_UNUSED_VARIABLE = YES;
				IPHONEOS_DEPLOYMENT_TARGET = 11.2;
				MTL_ENABLE_DEBUG_INFO = YES;
				ONLY_ACTIVE_ARCH = YES;
				SDKROOT = iphoneos;
				SWIFT_ACTIVE_COMPILATION_CONDITIONS = DEBUG;
				SWIFT_OPTIMIZATION_LEVEL = "-Onone";
			};
			name = Debug;
		};
		7AAA05C9205CAAA100F1F867 /* Release */ = {
			isa = XCBuildConfiguration;
			buildSettings = {
				ALWAYS_SEARCH_USER_PATHS = NO;
				CLANG_ANALYZER_NONNULL = YES;
				CLANG_ANALYZER_NUMBER_OBJECT_CONVERSION = YES_AGGRESSIVE;
				CLANG_CXX_LANGUAGE_STANDARD = "gnu++14";
				CLANG_CXX_LIBRARY = "libc++";
				CLANG_ENABLE_MODULES = YES;
				CLANG_ENABLE_OBJC_ARC = YES;
				CLANG_WARN_BLOCK_CAPTURE_AUTORELEASING = YES;
				CLANG_WARN_BOOL_CONVERSION = YES;
				CLANG_WARN_COMMA = YES;
				CLANG_WARN_CONSTANT_CONVERSION = YES;
				CLANG_WARN_DIRECT_OBJC_ISA_USAGE = YES_ERROR;
				CLANG_WARN_DOCUMENTATION_COMMENTS = YES;
				CLANG_WARN_EMPTY_BODY = YES;
				CLANG_WARN_ENUM_CONVERSION = YES;
				CLANG_WARN_INFINITE_RECURSION = YES;
				CLANG_WARN_INT_CONVERSION = YES;
				CLANG_WARN_NON_LITERAL_NULL_CONVERSION = YES;
				CLANG_WARN_OBJC_LITERAL_CONVERSION = YES;
				CLANG_WARN_OBJC_ROOT_CLASS = YES_ERROR;
				CLANG_WARN_RANGE_LOOP_ANALYSIS = YES;
				CLANG_WARN_STRICT_PROTOTYPES = YES;
				CLANG_WARN_SUSPICIOUS_MOVE = YES;
				CLANG_WARN_UNGUARDED_AVAILABILITY = YES_AGGRESSIVE;
				CLANG_WARN_UNREACHABLE_CODE = YES;
				CLANG_WARN__DUPLICATE_METHOD_MATCH = YES;
				CODE_SIGN_IDENTITY = "iPhone Developer";
				COPY_PHASE_STRIP = NO;
				DEBUG_INFORMATION_FORMAT = "dwarf-with-dsym";
				ENABLE_NS_ASSERTIONS = NO;
				ENABLE_STRICT_OBJC_MSGSEND = YES;
				GCC_C_LANGUAGE_STANDARD = gnu11;
				GCC_NO_COMMON_BLOCKS = YES;
				GCC_WARN_64_TO_32_BIT_CONVERSION = YES;
				GCC_WARN_ABOUT_RETURN_TYPE = YES_ERROR;
				GCC_WARN_UNDECLARED_SELECTOR = YES;
				GCC_WARN_UNINITIALIZED_AUTOS = YES_AGGRESSIVE;
				GCC_WARN_UNUSED_FUNCTION = YES;
				GCC_WARN_UNUSED_VARIABLE = YES;
				IPHONEOS_DEPLOYMENT_TARGET = 11.2;
				MTL_ENABLE_DEBUG_INFO = NO;
				SDKROOT = iphoneos;
				SWIFT_OPTIMIZATION_LEVEL = "-Owholemodule";
				VALIDATE_PRODUCT = YES;
			};
			name = Release;
		};
		7AAA05CB205CAAA100F1F867 /* Debug */ = {
			isa = XCBuildConfiguration;
			baseConfigurationReference = 1808FF84CFF59339B8632270 /* Pods-Firebase실습(장인수님).debug.xcconfig */;
			buildSettings = {
				ASSETCATALOG_COMPILER_APPICON_NAME = AppIcon;
				CODE_SIGN_STYLE = Automatic;
				DEVELOPMENT_TEAM = 67ZAZG66H9;
				INFOPLIST_FILE = "Firebase실습(장인수님)/Info.plist";
				LD_RUNPATH_SEARCH_PATHS = "$(inherited) @executable_path/Frameworks";
				PRODUCT_BUNDLE_IDENTIFIER = "YHKIM.Firebase-------------------";
				PRODUCT_NAME = "$(TARGET_NAME)";
				SWIFT_VERSION = 4.0;
				TARGETED_DEVICE_FAMILY = "1,2";
			};
			name = Debug;
		};
		7AAA05CC205CAAA100F1F867 /* Release */ = {
			isa = XCBuildConfiguration;
			baseConfigurationReference = 1140ED76CC83DC449EEDDB7F /* Pods-Firebase실습(장인수님).release.xcconfig */;
			buildSettings = {
				ASSETCATALOG_COMPILER_APPICON_NAME = AppIcon;
				CODE_SIGN_STYLE = Automatic;
				DEVELOPMENT_TEAM = 67ZAZG66H9;
				INFOPLIST_FILE = "Firebase실습(장인수님)/Info.plist";
				LD_RUNPATH_SEARCH_PATHS = "$(inherited) @executable_path/Frameworks";
				PRODUCT_BUNDLE_IDENTIFIER = "YHKIM.Firebase-------------------";
				PRODUCT_NAME = "$(TARGET_NAME)";
				SWIFT_VERSION = 4.0;
				TARGETED_DEVICE_FAMILY = "1,2";
			};
			name = Release;
		};
/* End XCBuildConfiguration section */

/* Begin XCConfigurationList section */
		7AAA05B3205CAAA100F1F867 /* Build configuration list for PBXProject "Firebase실습(장인수님)" */ = {
			isa = XCConfigurationList;
			buildConfigurations = (
				7AAA05C8205CAAA100F1F867 /* Debug */,
				7AAA05C9205CAAA100F1F867 /* Release */,
			);
			defaultConfigurationIsVisible = 0;
			defaultConfigurationName = Release;
		};
		7AAA05CA205CAAA100F1F867 /* Build configuration list for PBXNativeTarget "Firebase실습(장인수님)" */ = {
			isa = XCConfigurationList;
			buildConfigurations = (
				7AAA05CB205CAAA100F1F867 /* Debug */,
				7AAA05CC205CAAA100F1F867 /* Release */,
			);
			defaultConfigurationIsVisible = 0;
			defaultConfigurationName = Release;
		};
/* End XCConfigurationList section */
	};
	rootObject = 7AAA05B0205CAAA100F1F867 /* Project object */;
}
