// !$*UTF8*$!
{
	archiveVersion = 1;
	classes = {
	};
	objectVersion = 48;
	objects = {

/* Begin PBXBuildFile section */
		7A6F10512008B6DF00AE7035 /* AppDelegate.swift in Sources */ = {isa = PBXBuildFile; fileRef = 7A6F10502008B6DF00AE7035 /* AppDelegate.swift */; };
		7A6F10532008B6DF00AE7035 /* ViewController.swift in Sources */ = {isa = PBXBuildFile; fileRef = 7A6F10522008B6DF00AE7035 /* ViewController.swift */; };
		7A6F10562008B6DF00AE7035 /* Main.storyboard in Resources */ = {isa = PBXBuildFile; fileRef = 7A6F10542008B6DF00AE7035 /* Main.storyboard */; };
		7A6F10582008B6DF00AE7035 /* Assets.xcassets in Resources */ = {isa = PBXBuildFile; fileRef = 7A6F10572008B6DF00AE7035 /* Assets.xcassets */; };
		7A6F105B2008B6DF00AE7035 /* LaunchScreen.storyboard in Resources */ = {isa = PBXBuildFile; fileRef = 7A6F10592008B6DF00AE7035 /* LaunchScreen.storyboard */; };
/* End PBXBuildFile section */

/* Begin PBXFileReference section */
		7A6F104D2008B6DF00AE7035 /* handsomejihohelpedme.app */ = {isa = PBXFileReference; explicitFileType = wrapper.application; includeInIndex = 0; path = handsomejihohelpedme.app; sourceTree = BUILT_PRODUCTS_DIR; };
		7A6F10502008B6DF00AE7035 /* AppDelegate.swift */ = {isa = PBXFileReference; lastKnownFileType = sourcecode.swift; path = AppDelegate.swift; sourceTree = "<group>"; };
		7A6F10522008B6DF00AE7035 /* ViewController.swift */ = {isa = PBXFileReference; lastKnownFileType = sourcecode.swift; path = ViewController.swift; sourceTree = "<group>"; };
		7A6F10552008B6DF00AE7035 /* Base */ = {isa = PBXFileReference; lastKnownFileType = file.storyboard; name = Base; path = Base.lproj/Main.storyboard; sourceTree = "<group>"; };
		7A6F10572008B6DF00AE7035 /* Assets.xcassets */ = {isa = PBXFileReference; lastKnownFileType = folder.assetcatalog; path = Assets.xcassets; sourceTree = "<group>"; };
		7A6F105A2008B6DF00AE7035 /* Base */ = {isa = PBXFileReference; lastKnownFileType = file.storyboard; name = Base; path = Base.lproj/LaunchScreen.storyboard; sourceTree = "<group>"; };
		7A6F105C2008B6DF00AE7035 /* Info.plist */ = {isa = PBXFileReference; lastKnownFileType = text.plist.xml; path = Info.plist; sourceTree = "<group>"; };
/* End PBXFileReference section */

/* Begin PBXFrameworksBuildPhase section */
		7A6F104A2008B6DF00AE7035 /* Frameworks */ = {
			isa = PBXFrameworksBuildPhase;
			buildActionMask = 2147483647;
			files = (
			);
			runOnlyForDeploymentPostprocessing = 0;
		};
/* End PBXFrameworksBuildPhase section */

/* Begin PBXGroup section */
		7A6F10442008B6DF00AE7035 = {
			isa = PBXGroup;
			children = (
				7A6F104F2008B6DF00AE7035 /* handsomejihohelpedme */,
				7A6F104E2008B6DF00AE7035 /* Products */,
			);
			sourceTree = "<group>";
		};
		7A6F104E2008B6DF00AE7035 /* Products */ = {
			isa = PBXGroup;
			children = (
				7A6F104D2008B6DF00AE7035 /* handsomejihohelpedme.app */,
			);
			name = Products;
			sourceTree = "<group>";
		};
		7A6F104F2008B6DF00AE7035 /* handsomejihohelpedme */ = {
			isa = PBXGroup;
			children = (
				7A6F10502008B6DF00AE7035 /* AppDelegate.swift */,
				7A6F10522008B6DF00AE7035 /* ViewController.swift */,
				7A6F10542008B6DF00AE7035 /* Main.storyboard */,
				7A6F10572008B6DF00AE7035 /* Assets.xcassets */,
				7A6F10592008B6DF00AE7035 /* LaunchScreen.storyboard */,
				7A6F105C2008B6DF00AE7035 /* Info.plist */,
			);
			path = handsomejihohelpedme;
			sourceTree = "<group>";
		};
/* End PBXGroup section */

/* Begin PBXNativeTarget section */
		7A6F104C2008B6DF00AE7035 /* handsomejihohelpedme */ = {
			isa = PBXNativeTarget;
			buildConfigurationList = 7A6F105F2008B6DF00AE7035 /* Build configuration list for PBXNativeTarget "handsomejihohelpedme" */;
			buildPhases = (
				7A6F10492008B6DF00AE7035 /* Sources */,
				7A6F104A2008B6DF00AE7035 /* Frameworks */,
				7A6F104B2008B6DF00AE7035 /* Resources */,
			);
			buildRules = (
			);
			dependencies = (
			);
			name = handsomejihohelpedme;
			productName = handsomejihohelpedme;
			productReference = 7A6F104D2008B6DF00AE7035 /* handsomejihohelpedme.app */;
			productType = "com.apple.product-type.application";
		};
/* End PBXNativeTarget section */

/* Begin PBXProject section */
		7A6F10452008B6DF00AE7035 /* Project object */ = {
			isa = PBXProject;
			attributes = {
				LastSwiftUpdateCheck = 0920;
				LastUpgradeCheck = 0920;
				ORGANIZATIONNAME = "KimYong Ho";
				TargetAttributes = {
					7A6F104C2008B6DF00AE7035 = {
						CreatedOnToolsVersion = 9.2;
						ProvisioningStyle = Automatic;
					};
				};
			};
			buildConfigurationList = 7A6F10482008B6DF00AE7035 /* Build configuration list for PBXProject "handsomejihohelpedme" */;
			compatibilityVersion = "Xcode 8.0";
			developmentRegion = en;
			hasScannedForEncodings = 0;
			knownRegions = (
				en,
				Base,
			);
			mainGroup = 7A6F10442008B6DF00AE7035;
			productRefGroup = 7A6F104E2008B6DF00AE7035 /* Products */;
			projectDirPath = "";
			projectRoot = "";
			targets = (
				7A6F104C2008B6DF00AE7035 /* handsomejihohelpedme */,
			);
		};
/* End PBXProject section */

/* Begin PBXResourcesBuildPhase section */
		7A6F104B2008B6DF00AE7035 /* Resources */ = {
			isa = PBXResourcesBuildPhase;
			buildActionMask = 2147483647;
			files = (
				7A6F105B2008B6DF00AE7035 /* LaunchScreen.storyboard in Resources */,
				7A6F10582008B6DF00AE7035 /* Assets.xcassets in Resources */,
				7A6F10562008B6DF00AE7035 /* Main.storyboard in Resources */,
			);
			runOnlyForDeploymentPostprocessing = 0;
		};
/* End PBXResourcesBuildPhase section */

/* Begin PBXSourcesBuildPhase section */
		7A6F10492008B6DF00AE7035 /* Sources */ = {
			isa = PBXSourcesBuildPhase;
			buildActionMask = 2147483647;
			files = (
				7A6F10532008B6DF00AE7035 /* ViewController.swift in Sources */,
				7A6F10512008B6DF00AE7035 /* AppDelegate.swift in Sources */,
			);
			runOnlyForDeploymentPostprocessing = 0;
		};
/* End PBXSourcesBuildPhase section */

/* Begin PBXVariantGroup section */
		7A6F10542008B6DF00AE7035 /* Main.storyboard */ = {
			isa = PBXVariantGroup;
			children = (
				7A6F10552008B6DF00AE7035 /* Base */,
			);
			name = Main.storyboard;
			sourceTree = "<group>";
		};
		7A6F10592008B6DF00AE7035 /* LaunchScreen.storyboard */ = {
			isa = PBXVariantGroup;
			children = (
				7A6F105A2008B6DF00AE7035 /* Base */,
			);
			name = LaunchScreen.storyboard;
			sourceTree = "<group>";
		};
/* End PBXVariantGroup section */

/* Begin XCBuildConfiguration section */
		7A6F105D2008B6DF00AE7035 /* Debug */ = {
			isa = XCBuildConfiguration;
			buildSettings = {
				ALWAYS_SEARCH_USER_PATHS = NO;
				CLANG_ANALYZER_NONNULL = YES;
				CLANG_ANALYZER_NUMBER_OBJECT_CONVERSION = YES_AGGRESSIVE;
				CLANG_CXX_LANGUAGE_STANDARD = "gnu++14";
				CLANG_CXX_LIBRARY = "libc++";
				CLANG_ENABLE_MODULES = YES;
				CLANG_ENABLE_OBJC_ARC = YES;
				CLANG_WARN_BLOCK_CAPTURE_AUTORELEASING = YES;
				CLANG_WARN_BOOL_CONVERSION = YES;
				CLANG_WARN_COMMA = YES;
				CLANG_WARN_CONSTANT_CONVERSION = YES;
				CLANG_WARN_DIRECT_OBJC_ISA_USAGE = YES_ERROR;
				CLANG_WARN_DOCUMENTATION_COMMENTS = YES;
				CLANG_WARN_EMPTY_BODY = YES;
				CLANG_WARN_ENUM_CONVERSION = YES;
				CLANG_WARN_INFINITE_RECURSION = YES;
				CLANG_WARN_INT_CONVERSION = YES;
				CLANG_WARN_NON_LITERAL_NULL_CONVERSION = YES;
				CLANG_WARN_OBJC_LITERAL_CONVERSION = YES;
				CLANG_WARN_OBJC_ROOT_CLASS = YES_ERROR;
				CLANG_WARN_RANGE_LOOP_ANALYSIS = YES;
				CLANG_WARN_STRICT_PROTOTYPES = YES;
				CLANG_WARN_SUSPICIOUS_MOVE = YES;
				CLANG_WARN_UNGUARDED_AVAILABILITY = YES_AGGRESSIVE;
				CLANG_WARN_UNREACHABLE_CODE = YES;
				CLANG_WARN__DUPLICATE_METHOD_MATCH = YES;
				CODE_SIGN_IDENTITY = "iPhone Developer";
				COPY_PHASE_STRIP = NO;
				DEBUG_INFORMATION_FORMAT = dwarf;
				ENABLE_STRICT_OBJC_MSGSEND = YES;
				ENABLE_TESTABILITY = YES;
				GCC_C_LANGUAGE_STANDARD = gnu11;
				GCC_DYNAMIC_NO_PIC = NO;
				GCC_NO_COMMON_BLOCKS = YES;
				GCC_OPTIMIZATION_LEVEL = 0;
				GCC_PREPROCESSOR_DEFINITIONS = (
					"DEBUG=1",
					"$(inherited)",
				);
				GCC_WARN_64_TO_32_BIT_CONVERSION = YES;
				GCC_WARN_ABOUT_RETURN_TYPE = YES_ERROR;
				GCC_WARN_UNDECLARED_SELECTOR = YES;
				GCC_WARN_UNINITIALIZED_AUTOS = YES_AGGRESSIVE;
				GCC_WARN_UNUSED_FUNCTION = YES;
				GCC_WARN_UNUSED_VARIABLE = YES;
				IPHONEOS_DEPLOYMENT_TARGET = 11.2;
				MTL_ENABLE_DEBUG_INFO = YES;
				ONLY_ACTIVE_ARCH = YES;
				SDKROOT = iphoneos;
				SWIFT_ACTIVE_COMPILATION_CONDITIONS = DEBUG;
				SWIFT_OPTIMIZATION_LEVEL = "-Onone";
			};
			name = Debug;
		};
		7A6F105E2008B6DF00AE7035 /* Release */ = {
			isa = XCBuildConfiguration;
			buildSettings = {
				ALWAYS_SEARCH_USER_PATHS = NO;
				CLANG_ANALYZER_NONNULL = YES;
				CLANG_ANALYZER_NUMBER_OBJECT_CONVERSION = YES_AGGRESSIVE;
				CLANG_CXX_LANGUAGE_STANDARD = "gnu++14";
				CLANG_CXX_LIBRARY = "libc++";
				CLANG_ENABLE_MODULES = YES;
				CLANG_ENABLE_OBJC_ARC = YES;
				CLANG_WARN_BLOCK_CAPTURE_AUTORELEASING = YES;
				CLANG_WARN_BOOL_CONVERSION = YES;
				CLANG_WARN_COMMA = YES;
				CLANG_WARN_CONSTANT_CONVERSION = YES;
				CLANG_WARN_DIRECT_OBJC_ISA_USAGE = YES_ERROR;
				CLANG_WARN_DOCUMENTATION_COMMENTS = YES;
				CLANG_WARN_EMPTY_BODY = YES;
				CLANG_WARN_ENUM_CONVERSION = YES;
				CLANG_WARN_INFINITE_RECURSION = YES;
				CLANG_WARN_INT_CONVERSION = YES;
				CLANG_WARN_NON_LITERAL_NULL_CONVERSION = YES;
				CLANG_WARN_OBJC_LITERAL_CONVERSION = YES;
				CLANG_WARN_OBJC_ROOT_CLASS = YES_ERROR;
				CLANG_WARN_RANGE_LOOP_ANALYSIS = YES;
				CLANG_WARN_STRICT_PROTOTYPES = YES;
				CLANG_WARN_SUSPICIOUS_MOVE = YES;
				CLANG_WARN_UNGUARDED_AVAILABILITY = YES_AGGRESSIVE;
				CLANG_WARN_UNREACHABLE_CODE = YES;
				CLANG_WARN__DUPLICATE_METHOD_MATCH = YES;
				CODE_SIGN_IDENTITY = "iPhone Developer";
				COPY_PHASE_STRIP = NO;
				DEBUG_INFORMATION_FORMAT = "dwarf-with-dsym";
				ENABLE_NS_ASSERTIONS = NO;
				ENABLE_STRICT_OBJC_MSGSEND = YES;
				GCC_C_LANGUAGE_STANDARD = gnu11;
				GCC_NO_COMMON_BLOCKS = YES;
				GCC_WARN_64_TO_32_BIT_CONVERSION = YES;
				GCC_WARN_ABOUT_RETURN_TYPE = YES_ERROR;
				GCC_WARN_UNDECLARED_SELECTOR = YES;
				GCC_WARN_UNINITIALIZED_AUTOS = YES_AGGRESSIVE;
				GCC_WARN_UNUSED_FUNCTION = YES;
				GCC_WARN_UNUSED_VARIABLE = YES;
				IPHONEOS_DEPLOYMENT_TARGET = 11.2;
				MTL_ENABLE_DEBUG_INFO = NO;
				SDKROOT = iphoneos;
				SWIFT_OPTIMIZATION_LEVEL = "-Owholemodule";
				VALIDATE_PRODUCT = YES;
			};
			name = Release;
		};
		7A6F10602008B6DF00AE7035 /* Debug */ = {
			isa = XCBuildConfiguration;
			buildSettings = {
				ASSETCATALOG_COMPILER_APPICON_NAME = AppIcon;
				CODE_SIGN_STYLE = Automatic;
				INFOPLIST_FILE = handsomejihohelpedme/Info.plist;
				LD_RUNPATH_SEARCH_PATHS = "$(inherited) @executable_path/Frameworks";
				PRODUCT_BUNDLE_IDENTIFIER = YHKIM.handsomejihohelpedme;
				PRODUCT_NAME = "$(TARGET_NAME)";
				SWIFT_VERSION = 4.0;
				TARGETED_DEVICE_FAMILY = "1,2";
			};
			name = Debug;
		};
		7A6F10612008B6DF00AE7035 /* Release */ = {
			isa = XCBuildConfiguration;
			buildSettings = {
				ASSETCATALOG_COMPILER_APPICON_NAME = AppIcon;
				CODE_SIGN_STYLE = Automatic;
				INFOPLIST_FILE = handsomejihohelpedme/Info.plist;
				LD_RUNPATH_SEARCH_PATHS = "$(inherited) @executable_path/Frameworks";
				PRODUCT_BUNDLE_IDENTIFIER = YHKIM.handsomejihohelpedme;
				PRODUCT_NAME = "$(TARGET_NAME)";
				SWIFT_VERSION = 4.0;
				TARGETED_DEVICE_FAMILY = "1,2";
			};
			name = Release;
		};
/* End XCBuildConfiguration section */

/* Begin XCConfigurationList section */
		7A6F10482008B6DF00AE7035 /* Build configuration list for PBXProject "handsomejihohelpedme" */ = {
			isa = XCConfigurationList;
			buildConfigurations = (
				7A6F105D2008B6DF00AE7035 /* Debug */,
				7A6F105E2008B6DF00AE7035 /* Release */,
			);
			defaultConfigurationIsVisible = 0;
			defaultConfigurationName = Release;
		};
		7A6F105F2008B6DF00AE7035 /* Build configuration list for PBXNativeTarget "handsomejihohelpedme" */ = {
			isa = XCConfigurationList;
			buildConfigurations = (
				7A6F10602008B6DF00AE7035 /* Debug */,
				7A6F10612008B6DF00AE7035 /* Release */,
			);
			defaultConfigurationIsVisible = 0;
			defaultConfigurationName = Release;
		};
/* End XCConfigurationList section */
	};
	rootObject = 7A6F10452008B6DF00AE7035 /* Project object */;
}
