// !$*UTF8*$!
{
	archiveVersion = 1;
	classes = {
	};
	objectVersion = 48;
	objects = {

/* Begin PBXBuildFile section */
		7A2558902023F2EF00C55BA2 /* AppDelegate.swift in Sources */ = {isa = PBXBuildFile; fileRef = 7A25588F2023F2EF00C55BA2 /* AppDelegate.swift */; };
		7A2558922023F2EF00C55BA2 /* ViewController.swift in Sources */ = {isa = PBXBuildFile; fileRef = 7A2558912023F2EF00C55BA2 /* ViewController.swift */; };
		7A2558952023F2EF00C55BA2 /* Main.storyboard in Resources */ = {isa = PBXBuildFile; fileRef = 7A2558932023F2EF00C55BA2 /* Main.storyboard */; };
		7A2558972023F2EF00C55BA2 /* Assets.xcassets in Resources */ = {isa = PBXBuildFile; fileRef = 7A2558962023F2EF00C55BA2 /* Assets.xcassets */; };
		7A25589A2023F2EF00C55BA2 /* LaunchScreen.storyboard in Resources */ = {isa = PBXBuildFile; fileRef = 7A2558982023F2EF00C55BA2 /* LaunchScreen.storyboard */; };
		7A2558A62024021B00C55BA2 /* NanumBarunGothic.ttf in Resources */ = {isa = PBXBuildFile; fileRef = 7A2558A12023FBD800C55BA2 /* NanumBarunGothic.ttf */; };
		7A2558A72024021E00C55BA2 /* NanumBarunGothicBold.ttf in Resources */ = {isa = PBXBuildFile; fileRef = 7A2558A22023FBD900C55BA2 /* NanumBarunGothicBold.ttf */; };
		7A2558A82024022100C55BA2 /* NanumBarunGothicLight.ttf in Resources */ = {isa = PBXBuildFile; fileRef = 7A2558A32023FBD900C55BA2 /* NanumBarunGothicLight.ttf */; };
		7A2558A92024022400C55BA2 /* NanumBarunGothicUltraLight.ttf in Resources */ = {isa = PBXBuildFile; fileRef = 7A2558A42023FBD900C55BA2 /* NanumBarunGothicUltraLight.ttf */; };
		7A2558AA2024022600C55BA2 /* NanumGothicBold.ttf in Resources */ = {isa = PBXBuildFile; fileRef = 7A2558A52024011D00C55BA2 /* NanumGothicBold.ttf */; };
		7A2558AC2024152500C55BA2 /* MyCustomView.swift in Sources */ = {isa = PBXBuildFile; fileRef = 7A2558AB2024152500C55BA2 /* MyCustomView.swift */; };
		7A2558CC202429A200C55BA2 /* Sample1.swift in Sources */ = {isa = PBXBuildFile; fileRef = 7A2558CB202429A200C55BA2 /* Sample1.swift */; };
/* End PBXBuildFile section */

/* Begin PBXFileReference section */
		7A25588C2023F2EF00C55BA2 /* UIViewSample2.app */ = {isa = PBXFileReference; explicitFileType = wrapper.application; includeInIndex = 0; path = UIViewSample2.app; sourceTree = BUILT_PRODUCTS_DIR; };
		7A25588F2023F2EF00C55BA2 /* AppDelegate.swift */ = {isa = PBXFileReference; lastKnownFileType = sourcecode.swift; path = AppDelegate.swift; sourceTree = "<group>"; };
		7A2558912023F2EF00C55BA2 /* ViewController.swift */ = {isa = PBXFileReference; lastKnownFileType = sourcecode.swift; path = ViewController.swift; sourceTree = "<group>"; };
		7A2558942023F2EF00C55BA2 /* Base */ = {isa = PBXFileReference; lastKnownFileType = file.storyboard; name = Base; path = Base.lproj/Main.storyboard; sourceTree = "<group>"; };
		7A2558962023F2EF00C55BA2 /* Assets.xcassets */ = {isa = PBXFileReference; lastKnownFileType = folder.assetcatalog; path = Assets.xcassets; sourceTree = "<group>"; };
		7A2558992023F2EF00C55BA2 /* Base */ = {isa = PBXFileReference; lastKnownFileType = file.storyboard; name = Base; path = Base.lproj/LaunchScreen.storyboard; sourceTree = "<group>"; };
		7A25589B2023F2EF00C55BA2 /* Info.plist */ = {isa = PBXFileReference; lastKnownFileType = text.plist.xml; path = Info.plist; sourceTree = "<group>"; };
		7A2558A12023FBD800C55BA2 /* NanumBarunGothic.ttf */ = {isa = PBXFileReference; lastKnownFileType = file; path = NanumBarunGothic.ttf; sourceTree = "<group>"; };
		7A2558A22023FBD900C55BA2 /* NanumBarunGothicBold.ttf */ = {isa = PBXFileReference; lastKnownFileType = file; path = NanumBarunGothicBold.ttf; sourceTree = "<group>"; };
		7A2558A32023FBD900C55BA2 /* NanumBarunGothicLight.ttf */ = {isa = PBXFileReference; lastKnownFileType = file; path = NanumBarunGothicLight.ttf; sourceTree = "<group>"; };
		7A2558A42023FBD900C55BA2 /* NanumBarunGothicUltraLight.ttf */ = {isa = PBXFileReference; lastKnownFileType = file; path = NanumBarunGothicUltraLight.ttf; sourceTree = "<group>"; };
		7A2558A52024011D00C55BA2 /* NanumGothicBold.ttf */ = {isa = PBXFileReference; lastKnownFileType = file; path = NanumGothicBold.ttf; sourceTree = "<group>"; };
		7A2558AB2024152500C55BA2 /* MyCustomView.swift */ = {isa = PBXFileReference; lastKnownFileType = sourcecode.swift; path = MyCustomView.swift; sourceTree = "<group>"; };
		7A2558CB202429A200C55BA2 /* Sample1.swift */ = {isa = PBXFileReference; lastKnownFileType = sourcecode.swift; path = Sample1.swift; sourceTree = "<group>"; };
/* End PBXFileReference section */

/* Begin PBXFrameworksBuildPhase section */
		7A2558892023F2EF00C55BA2 /* Frameworks */ = {
			isa = PBXFrameworksBuildPhase;
			buildActionMask = 2147483647;
			files = (
			);
			runOnlyForDeploymentPostprocessing = 0;
		};
/* End PBXFrameworksBuildPhase section */

/* Begin PBXGroup section */
		7A2558832023F2EF00C55BA2 = {
			isa = PBXGroup;
			children = (
				7A25588E2023F2EF00C55BA2 /* UIViewSample2 */,
				7A25588D2023F2EF00C55BA2 /* Products */,
			);
			sourceTree = "<group>";
		};
		7A25588D2023F2EF00C55BA2 /* Products */ = {
			isa = PBXGroup;
			children = (
				7A25588C2023F2EF00C55BA2 /* UIViewSample2.app */,
			);
			name = Products;
			sourceTree = "<group>";
		};
		7A25588E2023F2EF00C55BA2 /* UIViewSample2 */ = {
			isa = PBXGroup;
			children = (
				7A25588F2023F2EF00C55BA2 /* AppDelegate.swift */,
				7A2558912023F2EF00C55BA2 /* ViewController.swift */,
				7A2558CB202429A200C55BA2 /* Sample1.swift */,
				7A2558AB2024152500C55BA2 /* MyCustomView.swift */,
				7A2558932023F2EF00C55BA2 /* Main.storyboard */,
				7A2558962023F2EF00C55BA2 /* Assets.xcassets */,
				7A2558982023F2EF00C55BA2 /* LaunchScreen.storyboard */,
				7A25589B2023F2EF00C55BA2 /* Info.plist */,
				7A2558A12023FBD800C55BA2 /* NanumBarunGothic.ttf */,
				7A2558A42023FBD900C55BA2 /* NanumBarunGothicUltraLight.ttf */,
				7A2558A22023FBD900C55BA2 /* NanumBarunGothicBold.ttf */,
				7A2558A32023FBD900C55BA2 /* NanumBarunGothicLight.ttf */,
				7A2558A52024011D00C55BA2 /* NanumGothicBold.ttf */,
			);
			path = UIViewSample2;
			sourceTree = "<group>";
		};
/* End PBXGroup section */

/* Begin PBXNativeTarget section */
		7A25588B2023F2EF00C55BA2 /* UIViewSample2 */ = {
			isa = PBXNativeTarget;
			buildConfigurationList = 7A25589E2023F2EF00C55BA2 /* Build configuration list for PBXNativeTarget "UIViewSample2" */;
			buildPhases = (
				7A2558882023F2EF00C55BA2 /* Sources */,
				7A2558892023F2EF00C55BA2 /* Frameworks */,
				7A25588A2023F2EF00C55BA2 /* Resources */,
			);
			buildRules = (
			);
			dependencies = (
			);
			name = UIViewSample2;
			productName = UIViewSample2;
			productReference = 7A25588C2023F2EF00C55BA2 /* UIViewSample2.app */;
			productType = "com.apple.product-type.application";
		};
/* End PBXNativeTarget section */

/* Begin PBXProject section */
		7A2558842023F2EF00C55BA2 /* Project object */ = {
			isa = PBXProject;
			attributes = {
				LastSwiftUpdateCheck = 0920;
				LastUpgradeCheck = 0920;
				ORGANIZATIONNAME = "KimYong Ho";
				TargetAttributes = {
					7A25588B2023F2EF00C55BA2 = {
						CreatedOnToolsVersion = 9.2;
						ProvisioningStyle = Automatic;
					};
				};
			};
			buildConfigurationList = 7A2558872023F2EF00C55BA2 /* Build configuration list for PBXProject "UIViewSample2" */;
			compatibilityVersion = "Xcode 8.0";
			developmentRegion = en;
			hasScannedForEncodings = 0;
			knownRegions = (
				en,
				Base,
			);
			mainGroup = 7A2558832023F2EF00C55BA2;
			productRefGroup = 7A25588D2023F2EF00C55BA2 /* Products */;
			projectDirPath = "";
			projectRoot = "";
			targets = (
				7A25588B2023F2EF00C55BA2 /* UIViewSample2 */,
			);
		};
/* End PBXProject section */

/* Begin PBXResourcesBuildPhase section */
		7A25588A2023F2EF00C55BA2 /* Resources */ = {
			isa = PBXResourcesBuildPhase;
			buildActionMask = 2147483647;
			files = (
				7A2558A92024022400C55BA2 /* NanumBarunGothicUltraLight.ttf in Resources */,
				7A2558A72024021E00C55BA2 /* NanumBarunGothicBold.ttf in Resources */,
				7A25589A2023F2EF00C55BA2 /* LaunchScreen.storyboard in Resources */,
				7A2558A62024021B00C55BA2 /* NanumBarunGothic.ttf in Resources */,
				7A2558972023F2EF00C55BA2 /* Assets.xcassets in Resources */,
				7A2558AA2024022600C55BA2 /* NanumGothicBold.ttf in Resources */,
				7A2558A82024022100C55BA2 /* NanumBarunGothicLight.ttf in Resources */,
				7A2558952023F2EF00C55BA2 /* Main.storyboard in Resources */,
			);
			runOnlyForDeploymentPostprocessing = 0;
		};
/* End PBXResourcesBuildPhase section */

/* Begin PBXSourcesBuildPhase section */
		7A2558882023F2EF00C55BA2 /* Sources */ = {
			isa = PBXSourcesBuildPhase;
			buildActionMask = 2147483647;
			files = (
				7A2558922023F2EF00C55BA2 /* ViewController.swift in Sources */,
				7A2558AC2024152500C55BA2 /* MyCustomView.swift in Sources */,
				7A2558902023F2EF00C55BA2 /* AppDelegate.swift in Sources */,
				7A2558CC202429A200C55BA2 /* Sample1.swift in Sources */,
			);
			runOnlyForDeploymentPostprocessing = 0;
		};
/* End PBXSourcesBuildPhase section */

/* Begin PBXVariantGroup section */
		7A2558932023F2EF00C55BA2 /* Main.storyboard */ = {
			isa = PBXVariantGroup;
			children = (
				7A2558942023F2EF00C55BA2 /* Base */,
			);
			name = Main.storyboard;
			sourceTree = "<group>";
		};
		7A2558982023F2EF00C55BA2 /* LaunchScreen.storyboard */ = {
			isa = PBXVariantGroup;
			children = (
				7A2558992023F2EF00C55BA2 /* Base */,
			);
			name = LaunchScreen.storyboard;
			sourceTree = "<group>";
		};
/* End PBXVariantGroup section */

/* Begin XCBuildConfiguration section */
		7A25589C2023F2EF00C55BA2 /* Debug */ = {
			isa = XCBuildConfiguration;
			buildSettings = {
				ALWAYS_SEARCH_USER_PATHS = NO;
				CLANG_ANALYZER_NONNULL = YES;
				CLANG_ANALYZER_NUMBER_OBJECT_CONVERSION = YES_AGGRESSIVE;
				CLANG_CXX_LANGUAGE_STANDARD = "gnu++14";
				CLANG_CXX_LIBRARY = "libc++";
				CLANG_ENABLE_MODULES = YES;
				CLANG_ENABLE_OBJC_ARC = YES;
				CLANG_WARN_BLOCK_CAPTURE_AUTORELEASING = YES;
				CLANG_WARN_BOOL_CONVERSION = YES;
				CLANG_WARN_COMMA = YES;
				CLANG_WARN_CONSTANT_CONVERSION = YES;
				CLANG_WARN_DIRECT_OBJC_ISA_USAGE = YES_ERROR;
				CLANG_WARN_DOCUMENTATION_COMMENTS = YES;
				CLANG_WARN_EMPTY_BODY = YES;
				CLANG_WARN_ENUM_CONVERSION = YES;
				CLANG_WARN_INFINITE_RECURSION = YES;
				CLANG_WARN_INT_CONVERSION = YES;
				CLANG_WARN_NON_LITERAL_NULL_CONVERSION = YES;
				CLANG_WARN_OBJC_LITERAL_CONVERSION = YES;
				CLANG_WARN_OBJC_ROOT_CLASS = YES_ERROR;
				CLANG_WARN_RANGE_LOOP_ANALYSIS = YES;
				CLANG_WARN_STRICT_PROTOTYPES = YES;
				CLANG_WARN_SUSPICIOUS_MOVE = YES;
				CLANG_WARN_UNGUARDED_AVAILABILITY = YES_AGGRESSIVE;
				CLANG_WARN_UNREACHABLE_CODE = YES;
				CLANG_WARN__DUPLICATE_METHOD_MATCH = YES;
				CODE_SIGN_IDENTITY = "iPhone Developer";
				COPY_PHASE_STRIP = NO;
				DEBUG_INFORMATION_FORMAT = dwarf;
				ENABLE_STRICT_OBJC_MSGSEND = YES;
				ENABLE_TESTABILITY = YES;
				GCC_C_LANGUAGE_STANDARD = gnu11;
				GCC_DYNAMIC_NO_PIC = NO;
				GCC_NO_COMMON_BLOCKS = YES;
				GCC_OPTIMIZATION_LEVEL = 0;
				GCC_PREPROCESSOR_DEFINITIONS = (
					"DEBUG=1",
					"$(inherited)",
				);
				GCC_WARN_64_TO_32_BIT_CONVERSION = YES;
				GCC_WARN_ABOUT_RETURN_TYPE = YES_ERROR;
				GCC_WARN_UNDECLARED_SELECTOR = YES;
				GCC_WARN_UNINITIALIZED_AUTOS = YES_AGGRESSIVE;
				GCC_WARN_UNUSED_FUNCTION = YES;
				GCC_WARN_UNUSED_VARIABLE = YES;
				IPHONEOS_DEPLOYMENT_TARGET = 11.2;
				MTL_ENABLE_DEBUG_INFO = YES;
				ONLY_ACTIVE_ARCH = YES;
				SDKROOT = iphoneos;
				SWIFT_ACTIVE_COMPILATION_CONDITIONS = DEBUG;
				SWIFT_OPTIMIZATION_LEVEL = "-Onone";
			};
			name = Debug;
		};
		7A25589D2023F2EF00C55BA2 /* Release */ = {
			isa = XCBuildConfiguration;
			buildSettings = {
				ALWAYS_SEARCH_USER_PATHS = NO;
				CLANG_ANALYZER_NONNULL = YES;
				CLANG_ANALYZER_NUMBER_OBJECT_CONVERSION = YES_AGGRESSIVE;
				CLANG_CXX_LANGUAGE_STANDARD = "gnu++14";
				CLANG_CXX_LIBRARY = "libc++";
				CLANG_ENABLE_MODULES = YES;
				CLANG_ENABLE_OBJC_ARC = YES;
				CLANG_WARN_BLOCK_CAPTURE_AUTORELEASING = YES;
				CLANG_WARN_BOOL_CONVERSION = YES;
				CLANG_WARN_COMMA = YES;
				CLANG_WARN_CONSTANT_CONVERSION = YES;
				CLANG_WARN_DIRECT_OBJC_ISA_USAGE = YES_ERROR;
				CLANG_WARN_DOCUMENTATION_COMMENTS = YES;
				CLANG_WARN_EMPTY_BODY = YES;
				CLANG_WARN_ENUM_CONVERSION = YES;
				CLANG_WARN_INFINITE_RECURSION = YES;
				CLANG_WARN_INT_CONVERSION = YES;
				CLANG_WARN_NON_LITERAL_NULL_CONVERSION = YES;
				CLANG_WARN_OBJC_LITERAL_CONVERSION = YES;
				CLANG_WARN_OBJC_ROOT_CLASS = YES_ERROR;
				CLANG_WARN_RANGE_LOOP_ANALYSIS = YES;
				CLANG_WARN_STRICT_PROTOTYPES = YES;
				CLANG_WARN_SUSPICIOUS_MOVE = YES;
				CLANG_WARN_UNGUARDED_AVAILABILITY = YES_AGGRESSIVE;
				CLANG_WARN_UNREACHABLE_CODE = YES;
				CLANG_WARN__DUPLICATE_METHOD_MATCH = YES;
				CODE_SIGN_IDENTITY = "iPhone Developer";
				COPY_PHASE_STRIP = NO;
				DEBUG_INFORMATION_FORMAT = "dwarf-with-dsym";
				ENABLE_NS_ASSERTIONS = NO;
				ENABLE_STRICT_OBJC_MSGSEND = YES;
				GCC_C_LANGUAGE_STANDARD = gnu11;
				GCC_NO_COMMON_BLOCKS = YES;
				GCC_WARN_64_TO_32_BIT_CONVERSION = YES;
				GCC_WARN_ABOUT_RETURN_TYPE = YES_ERROR;
				GCC_WARN_UNDECLARED_SELECTOR = YES;
				GCC_WARN_UNINITIALIZED_AUTOS = YES_AGGRESSIVE;
				GCC_WARN_UNUSED_FUNCTION = YES;
				GCC_WARN_UNUSED_VARIABLE = YES;
				IPHONEOS_DEPLOYMENT_TARGET = 11.2;
				MTL_ENABLE_DEBUG_INFO = NO;
				SDKROOT = iphoneos;
				SWIFT_OPTIMIZATION_LEVEL = "-Owholemodule";
				VALIDATE_PRODUCT = YES;
			};
			name = Release;
		};
		7A25589F2023F2EF00C55BA2 /* Debug */ = {
			isa = XCBuildConfiguration;
			buildSettings = {
				ASSETCATALOG_COMPILER_APPICON_NAME = AppIcon;
				CODE_SIGN_STYLE = Automatic;
				INFOPLIST_FILE = UIViewSample2/Info.plist;
				LD_RUNPATH_SEARCH_PATHS = "$(inherited) @executable_path/Frameworks";
				PRODUCT_BUNDLE_IDENTIFIER = YHKIM.UIViewSample2;
				PRODUCT_NAME = "$(TARGET_NAME)";
				SWIFT_VERSION = 4.0;
				TARGETED_DEVICE_FAMILY = "1,2";
			};
			name = Debug;
		};
		7A2558A02023F2EF00C55BA2 /* Release */ = {
			isa = XCBuildConfiguration;
			buildSettings = {
				ASSETCATALOG_COMPILER_APPICON_NAME = AppIcon;
				CODE_SIGN_STYLE = Automatic;
				INFOPLIST_FILE = UIViewSample2/Info.plist;
				LD_RUNPATH_SEARCH_PATHS = "$(inherited) @executable_path/Frameworks";
				PRODUCT_BUNDLE_IDENTIFIER = YHKIM.UIViewSample2;
				PRODUCT_NAME = "$(TARGET_NAME)";
				SWIFT_VERSION = 4.0;
				TARGETED_DEVICE_FAMILY = "1,2";
			};
			name = Release;
		};
/* End XCBuildConfiguration section */

/* Begin XCConfigurationList section */
		7A2558872023F2EF00C55BA2 /* Build configuration list for PBXProject "UIViewSample2" */ = {
			isa = XCConfigurationList;
			buildConfigurations = (
				7A25589C2023F2EF00C55BA2 /* Debug */,
				7A25589D2023F2EF00C55BA2 /* Release */,
			);
			defaultConfigurationIsVisible = 0;
			defaultConfigurationName = Release;
		};
		7A25589E2023F2EF00C55BA2 /* Build configuration list for PBXNativeTarget "UIViewSample2" */ = {
			isa = XCConfigurationList;
			buildConfigurations = (
				7A25589F2023F2EF00C55BA2 /* Debug */,
				7A2558A02023F2EF00C55BA2 /* Release */,
			);
			defaultConfigurationIsVisible = 0;
			defaultConfigurationName = Release;
		};
/* End XCConfigurationList section */
	};
	rootObject = 7A2558842023F2EF00C55BA2 /* Project object */;
}
