// !$*UTF8*$!
{
	archiveVersion = 1;
	classes = {
	};
	objectVersion = 48;
	objects = {

/* Begin PBXBuildFile section */
		7A15F066200C8AD40086D707 /* AppDelegate.swift in Sources */ = {isa = PBXBuildFile; fileRef = 7A15F065200C8AD40086D707 /* AppDelegate.swift */; };
		7A15F068200C8AD40086D707 /* ViewController.swift in Sources */ = {isa = PBXBuildFile; fileRef = 7A15F067200C8AD40086D707 /* ViewController.swift */; };
		7A15F06B200C8AD40086D707 /* Main.storyboard in Resources */ = {isa = PBXBuildFile; fileRef = 7A15F069200C8AD40086D707 /* Main.storyboard */; };
		7A15F06D200C8AD40086D707 /* Assets.xcassets in Resources */ = {isa = PBXBuildFile; fileRef = 7A15F06C200C8AD40086D707 /* Assets.xcassets */; };
		7A15F070200C8AD40086D707 /* LaunchScreen.storyboard in Resources */ = {isa = PBXBuildFile; fileRef = 7A15F06E200C8AD40086D707 /* LaunchScreen.storyboard */; };
		7A15F078200C8B170086D707 /* SwapCalculatorPractice.swift in Sources */ = {isa = PBXBuildFile; fileRef = 7A15F077200C8B170086D707 /* SwapCalculatorPractice.swift */; };
/* End PBXBuildFile section */

/* Begin PBXFileReference section */
		7A15F062200C8AD40086D707 /* SwapCalculator.app */ = {isa = PBXFileReference; explicitFileType = wrapper.application; includeInIndex = 0; path = SwapCalculator.app; sourceTree = BUILT_PRODUCTS_DIR; };
		7A15F065200C8AD40086D707 /* AppDelegate.swift */ = {isa = PBXFileReference; lastKnownFileType = sourcecode.swift; path = AppDelegate.swift; sourceTree = "<group>"; };
		7A15F067200C8AD40086D707 /* ViewController.swift */ = {isa = PBXFileReference; lastKnownFileType = sourcecode.swift; path = ViewController.swift; sourceTree = "<group>"; };
		7A15F06A200C8AD40086D707 /* Base */ = {isa = PBXFileReference; lastKnownFileType = file.storyboard; name = Base; path = Base.lproj/Main.storyboard; sourceTree = "<group>"; };
		7A15F06C200C8AD40086D707 /* Assets.xcassets */ = {isa = PBXFileReference; lastKnownFileType = folder.assetcatalog; path = Assets.xcassets; sourceTree = "<group>"; };
		7A15F06F200C8AD40086D707 /* Base */ = {isa = PBXFileReference; lastKnownFileType = file.storyboard; name = Base; path = Base.lproj/LaunchScreen.storyboard; sourceTree = "<group>"; };
		7A15F071200C8AD40086D707 /* Info.plist */ = {isa = PBXFileReference; lastKnownFileType = text.plist.xml; path = Info.plist; sourceTree = "<group>"; };
		7A15F077200C8B170086D707 /* SwapCalculatorPractice.swift */ = {isa = PBXFileReference; lastKnownFileType = sourcecode.swift; path = SwapCalculatorPractice.swift; sourceTree = "<group>"; };
/* End PBXFileReference section */

/* Begin PBXFrameworksBuildPhase section */
		7A15F05F200C8AD40086D707 /* Frameworks */ = {
			isa = PBXFrameworksBuildPhase;
			buildActionMask = 2147483647;
			files = (
			);
			runOnlyForDeploymentPostprocessing = 0;
		};
/* End PBXFrameworksBuildPhase section */

/* Begin PBXGroup section */
		7A15F059200C8AD40086D707 = {
			isa = PBXGroup;
			children = (
				7A15F064200C8AD40086D707 /* SwapCalculator */,
				7A15F063200C8AD40086D707 /* Products */,
			);
			sourceTree = "<group>";
		};
		7A15F063200C8AD40086D707 /* Products */ = {
			isa = PBXGroup;
			children = (
				7A15F062200C8AD40086D707 /* SwapCalculator.app */,
			);
			name = Products;
			sourceTree = "<group>";
		};
		7A15F064200C8AD40086D707 /* SwapCalculator */ = {
			isa = PBXGroup;
			children = (
				7A15F065200C8AD40086D707 /* AppDelegate.swift */,
				7A15F067200C8AD40086D707 /* ViewController.swift */,
				7A15F077200C8B170086D707 /* SwapCalculatorPractice.swift */,
				7A15F069200C8AD40086D707 /* Main.storyboard */,
				7A15F06C200C8AD40086D707 /* Assets.xcassets */,
				7A15F06E200C8AD40086D707 /* LaunchScreen.storyboard */,
				7A15F071200C8AD40086D707 /* Info.plist */,
			);
			path = SwapCalculator;
			sourceTree = "<group>";
		};
/* End PBXGroup section */

/* Begin PBXNativeTarget section */
		7A15F061200C8AD40086D707 /* SwapCalculator */ = {
			isa = PBXNativeTarget;
			buildConfigurationList = 7A15F074200C8AD40086D707 /* Build configuration list for PBXNativeTarget "SwapCalculator" */;
			buildPhases = (
				7A15F05E200C8AD40086D707 /* Sources */,
				7A15F05F200C8AD40086D707 /* Frameworks */,
				7A15F060200C8AD40086D707 /* Resources */,
			);
			buildRules = (
			);
			dependencies = (
			);
			name = SwapCalculator;
			productName = SwapCalculator;
			productReference = 7A15F062200C8AD40086D707 /* SwapCalculator.app */;
			productType = "com.apple.product-type.application";
		};
/* End PBXNativeTarget section */

/* Begin PBXProject section */
		7A15F05A200C8AD40086D707 /* Project object */ = {
			isa = PBXProject;
			attributes = {
				LastSwiftUpdateCheck = 0920;
				LastUpgradeCheck = 0920;
				ORGANIZATIONNAME = "KimYong Ho";
				TargetAttributes = {
					7A15F061200C8AD40086D707 = {
						CreatedOnToolsVersion = 9.2;
						ProvisioningStyle = Automatic;
					};
				};
			};
			buildConfigurationList = 7A15F05D200C8AD40086D707 /* Build configuration list for PBXProject "SwapCalculator" */;
			compatibilityVersion = "Xcode 8.0";
			developmentRegion = en;
			hasScannedForEncodings = 0;
			knownRegions = (
				en,
				Base,
			);
			mainGroup = 7A15F059200C8AD40086D707;
			productRefGroup = 7A15F063200C8AD40086D707 /* Products */;
			projectDirPath = "";
			projectRoot = "";
			targets = (
				7A15F061200C8AD40086D707 /* SwapCalculator */,
			);
		};
/* End PBXProject section */

/* Begin PBXResourcesBuildPhase section */
		7A15F060200C8AD40086D707 /* Resources */ = {
			isa = PBXResourcesBuildPhase;
			buildActionMask = 2147483647;
			files = (
				7A15F070200C8AD40086D707 /* LaunchScreen.storyboard in Resources */,
				7A15F06D200C8AD40086D707 /* Assets.xcassets in Resources */,
				7A15F06B200C8AD40086D707 /* Main.storyboard in Resources */,
			);
			runOnlyForDeploymentPostprocessing = 0;
		};
/* End PBXResourcesBuildPhase section */

/* Begin PBXSourcesBuildPhase section */
		7A15F05E200C8AD40086D707 /* Sources */ = {
			isa = PBXSourcesBuildPhase;
			buildActionMask = 2147483647;
			files = (
				7A15F078200C8B170086D707 /* SwapCalculatorPractice.swift in Sources */,
				7A15F068200C8AD40086D707 /* ViewController.swift in Sources */,
				7A15F066200C8AD40086D707 /* AppDelegate.swift in Sources */,
			);
			runOnlyForDeploymentPostprocessing = 0;
		};
/* End PBXSourcesBuildPhase section */

/* Begin PBXVariantGroup section */
		7A15F069200C8AD40086D707 /* Main.storyboard */ = {
			isa = PBXVariantGroup;
			children = (
				7A15F06A200C8AD40086D707 /* Base */,
			);
			name = Main.storyboard;
			sourceTree = "<group>";
		};
		7A15F06E200C8AD40086D707 /* LaunchScreen.storyboard */ = {
			isa = PBXVariantGroup;
			children = (
				7A15F06F200C8AD40086D707 /* Base */,
			);
			name = LaunchScreen.storyboard;
			sourceTree = "<group>";
		};
/* End PBXVariantGroup section */

/* Begin XCBuildConfiguration section */
		7A15F072200C8AD40086D707 /* Debug */ = {
			isa = XCBuildConfiguration;
			buildSettings = {
				ALWAYS_SEARCH_USER_PATHS = NO;
				CLANG_ANALYZER_NONNULL = YES;
				CLANG_ANALYZER_NUMBER_OBJECT_CONVERSION = YES_AGGRESSIVE;
				CLANG_CXX_LANGUAGE_STANDARD = "gnu++14";
				CLANG_CXX_LIBRARY = "libc++";
				CLANG_ENABLE_MODULES = YES;
				CLANG_ENABLE_OBJC_ARC = YES;
				CLANG_WARN_BLOCK_CAPTURE_AUTORELEASING = YES;
				CLANG_WARN_BOOL_CONVERSION = YES;
				CLANG_WARN_COMMA = YES;
				CLANG_WARN_CONSTANT_CONVERSION = YES;
				CLANG_WARN_DIRECT_OBJC_ISA_USAGE = YES_ERROR;
				CLANG_WARN_DOCUMENTATION_COMMENTS = YES;
				CLANG_WARN_EMPTY_BODY = YES;
				CLANG_WARN_ENUM_CONVERSION = YES;
				CLANG_WARN_INFINITE_RECURSION = YES;
				CLANG_WARN_INT_CONVERSION = YES;
				CLANG_WARN_NON_LITERAL_NULL_CONVERSION = YES;
				CLANG_WARN_OBJC_LITERAL_CONVERSION = YES;
				CLANG_WARN_OBJC_ROOT_CLASS = YES_ERROR;
				CLANG_WARN_RANGE_LOOP_ANALYSIS = YES;
				CLANG_WARN_STRICT_PROTOTYPES = YES;
				CLANG_WARN_SUSPICIOUS_MOVE = YES;
				CLANG_WARN_UNGUARDED_AVAILABILITY = YES_AGGRESSIVE;
				CLANG_WARN_UNREACHABLE_CODE = YES;
				CLANG_WARN__DUPLICATE_METHOD_MATCH = YES;
				CODE_SIGN_IDENTITY = "iPhone Developer";
				COPY_PHASE_STRIP = NO;
				DEBUG_INFORMATION_FORMAT = dwarf;
				ENABLE_STRICT_OBJC_MSGSEND = YES;
				ENABLE_TESTABILITY = YES;
				GCC_C_LANGUAGE_STANDARD = gnu11;
				GCC_DYNAMIC_NO_PIC = NO;
				GCC_NO_COMMON_BLOCKS = YES;
				GCC_OPTIMIZATION_LEVEL = 0;
				GCC_PREPROCESSOR_DEFINITIONS = (
					"DEBUG=1",
					"$(inherited)",
				);
				GCC_WARN_64_TO_32_BIT_CONVERSION = YES;
				GCC_WARN_ABOUT_RETURN_TYPE = YES_ERROR;
				GCC_WARN_UNDECLARED_SELECTOR = YES;
				GCC_WARN_UNINITIALIZED_AUTOS = YES_AGGRESSIVE;
				GCC_WARN_UNUSED_FUNCTION = YES;
				GCC_WARN_UNUSED_VARIABLE = YES;
				IPHONEOS_DEPLOYMENT_TARGET = 11.2;
				MTL_ENABLE_DEBUG_INFO = YES;
				ONLY_ACTIVE_ARCH = YES;
				SDKROOT = iphoneos;
				SWIFT_ACTIVE_COMPILATION_CONDITIONS = DEBUG;
				SWIFT_OPTIMIZATION_LEVEL = "-Onone";
			};
			name = Debug;
		};
		7A15F073200C8AD40086D707 /* Release */ = {
			isa = XCBuildConfiguration;
			buildSettings = {
				ALWAYS_SEARCH_USER_PATHS = NO;
				CLANG_ANALYZER_NONNULL = YES;
				CLANG_ANALYZER_NUMBER_OBJECT_CONVERSION = YES_AGGRESSIVE;
				CLANG_CXX_LANGUAGE_STANDARD = "gnu++14";
				CLANG_CXX_LIBRARY = "libc++";
				CLANG_ENABLE_MODULES = YES;
				CLANG_ENABLE_OBJC_ARC = YES;
				CLANG_WARN_BLOCK_CAPTURE_AUTORELEASING = YES;
				CLANG_WARN_BOOL_CONVERSION = YES;
				CLANG_WARN_COMMA = YES;
				CLANG_WARN_CONSTANT_CONVERSION = YES;
				CLANG_WARN_DIRECT_OBJC_ISA_USAGE = YES_ERROR;
				CLANG_WARN_DOCUMENTATION_COMMENTS = YES;
				CLANG_WARN_EMPTY_BODY = YES;
				CLANG_WARN_ENUM_CONVERSION = YES;
				CLANG_WARN_INFINITE_RECURSION = YES;
				CLANG_WARN_INT_CONVERSION = YES;
				CLANG_WARN_NON_LITERAL_NULL_CONVERSION = YES;
				CLANG_WARN_OBJC_LITERAL_CONVERSION = YES;
				CLANG_WARN_OBJC_ROOT_CLASS = YES_ERROR;
				CLANG_WARN_RANGE_LOOP_ANALYSIS = YES;
				CLANG_WARN_STRICT_PROTOTYPES = YES;
				CLANG_WARN_SUSPICIOUS_MOVE = YES;
				CLANG_WARN_UNGUARDED_AVAILABILITY = YES_AGGRESSIVE;
				CLANG_WARN_UNREACHABLE_CODE = YES;
				CLANG_WARN__DUPLICATE_METHOD_MATCH = YES;
				CODE_SIGN_IDENTITY = "iPhone Developer";
				COPY_PHASE_STRIP = NO;
				DEBUG_INFORMATION_FORMAT = "dwarf-with-dsym";
				ENABLE_NS_ASSERTIONS = NO;
				ENABLE_STRICT_OBJC_MSGSEND = YES;
				GCC_C_LANGUAGE_STANDARD = gnu11;
				GCC_NO_COMMON_BLOCKS = YES;
				GCC_WARN_64_TO_32_BIT_CONVERSION = YES;
				GCC_WARN_ABOUT_RETURN_TYPE = YES_ERROR;
				GCC_WARN_UNDECLARED_SELECTOR = YES;
				GCC_WARN_UNINITIALIZED_AUTOS = YES_AGGRESSIVE;
				GCC_WARN_UNUSED_FUNCTION = YES;
				GCC_WARN_UNUSED_VARIABLE = YES;
				IPHONEOS_DEPLOYMENT_TARGET = 11.2;
				MTL_ENABLE_DEBUG_INFO = NO;
				SDKROOT = iphoneos;
				SWIFT_OPTIMIZATION_LEVEL = "-Owholemodule";
				VALIDATE_PRODUCT = YES;
			};
			name = Release;
		};
		7A15F075200C8AD40086D707 /* Debug */ = {
			isa = XCBuildConfiguration;
			buildSettings = {
				ASSETCATALOG_COMPILER_APPICON_NAME = AppIcon;
				CODE_SIGN_STYLE = Automatic;
				INFOPLIST_FILE = SwapCalculator/Info.plist;
				LD_RUNPATH_SEARCH_PATHS = "$(inherited) @executable_path/Frameworks";
				PRODUCT_BUNDLE_IDENTIFIER = YHKIM.SwapCalculator;
				PRODUCT_NAME = "$(TARGET_NAME)";
				SWIFT_VERSION = 4.0;
				TARGETED_DEVICE_FAMILY = "1,2";
			};
			name = Debug;
		};
		7A15F076200C8AD40086D707 /* Release */ = {
			isa = XCBuildConfiguration;
			buildSettings = {
				ASSETCATALOG_COMPILER_APPICON_NAME = AppIcon;
				CODE_SIGN_STYLE = Automatic;
				INFOPLIST_FILE = SwapCalculator/Info.plist;
				LD_RUNPATH_SEARCH_PATHS = "$(inherited) @executable_path/Frameworks";
				PRODUCT_BUNDLE_IDENTIFIER = YHKIM.SwapCalculator;
				PRODUCT_NAME = "$(TARGET_NAME)";
				SWIFT_VERSION = 4.0;
				TARGETED_DEVICE_FAMILY = "1,2";
			};
			name = Release;
		};
/* End XCBuildConfiguration section */

/* Begin XCConfigurationList section */
		7A15F05D200C8AD40086D707 /* Build configuration list for PBXProject "SwapCalculator" */ = {
			isa = XCConfigurationList;
			buildConfigurations = (
				7A15F072200C8AD40086D707 /* Debug */,
				7A15F073200C8AD40086D707 /* Release */,
			);
			defaultConfigurationIsVisible = 0;
			defaultConfigurationName = Release;
		};
		7A15F074200C8AD40086D707 /* Build configuration list for PBXNativeTarget "SwapCalculator" */ = {
			isa = XCConfigurationList;
			buildConfigurations = (
				7A15F075200C8AD40086D707 /* Debug */,
				7A15F076200C8AD40086D707 /* Release */,
			);
			defaultConfigurationIsVisible = 0;
			defaultConfigurationName = Release;
		};
/* End XCConfigurationList section */
	};
	rootObject = 7A15F05A200C8AD40086D707 /* Project object */;
}
