// !$*UTF8*$!
{
	archiveVersion = 1;
	classes = {
	};
	objectVersion = 48;
	objects = {

/* Begin PBXBuildFile section */
		7A0104A5202AE2B200E76A7A /* 칸타타.png in Resources */ = {isa = PBXBuildFile; fileRef = 7A0104A1202AE2B200E76A7A /* 칸타타.png */; };
		7A0104A6202AE2B200E76A7A /* 삼다수.png in Resources */ = {isa = PBXBuildFile; fileRef = 7A0104A2202AE2B200E76A7A /* 삼다수.png */; };
		7A0104A7202AE2B200E76A7A /* 사이다.png in Resources */ = {isa = PBXBuildFile; fileRef = 7A0104A3202AE2B200E76A7A /* 사이다.png */; };
		7A0104A8202AE2B200E76A7A /* 콜라.png in Resources */ = {isa = PBXBuildFile; fileRef = 7A0104A4202AE2B200E76A7A /* 콜라.png */; };
		7A6F3C79202AC1F0002AA7B8 /* AppDelegate.swift in Sources */ = {isa = PBXBuildFile; fileRef = 7A6F3C78202AC1F0002AA7B8 /* AppDelegate.swift */; };
		7A6F3C7B202AC1F0002AA7B8 /* ViewController.swift in Sources */ = {isa = PBXBuildFile; fileRef = 7A6F3C7A202AC1F0002AA7B8 /* ViewController.swift */; };
		7A6F3C7E202AC1F0002AA7B8 /* Main.storyboard in Resources */ = {isa = PBXBuildFile; fileRef = 7A6F3C7C202AC1F0002AA7B8 /* Main.storyboard */; };
		7A6F3C80202AC1F0002AA7B8 /* Assets.xcassets in Resources */ = {isa = PBXBuildFile; fileRef = 7A6F3C7F202AC1F0002AA7B8 /* Assets.xcassets */; };
		7A6F3C83202AC1F0002AA7B8 /* LaunchScreen.storyboard in Resources */ = {isa = PBXBuildFile; fileRef = 7A6F3C81202AC1F0002AA7B8 /* LaunchScreen.storyboard */; };
		7A6F3C8B202AC281002AA7B8 /* DrinkItem.swift in Sources */ = {isa = PBXBuildFile; fileRef = 7A6F3C8A202AC281002AA7B8 /* DrinkItem.swift */; };
		7A6F3C8F202AC2EE002AA7B8 /* InputBtn.swift in Sources */ = {isa = PBXBuildFile; fileRef = 7A6F3C8E202AC2EE002AA7B8 /* InputBtn.swift */; };
/* End PBXBuildFile section */

/* Begin PBXFileReference section */
		7A0104A1202AE2B200E76A7A /* 칸타타.png */ = {isa = PBXFileReference; lastKnownFileType = image.png; path = "칸타타.png"; sourceTree = "<group>"; };
		7A0104A2202AE2B200E76A7A /* 삼다수.png */ = {isa = PBXFileReference; lastKnownFileType = image.png; path = "삼다수.png"; sourceTree = "<group>"; };
		7A0104A3202AE2B200E76A7A /* 사이다.png */ = {isa = PBXFileReference; lastKnownFileType = image.png; path = "사이다.png"; sourceTree = "<group>"; };
		7A0104A4202AE2B200E76A7A /* 콜라.png */ = {isa = PBXFileReference; lastKnownFileType = image.png; path = "콜라.png"; sourceTree = "<group>"; };
		7A6F3C75202AC1F0002AA7B8 /* VendingMachineKimYongHo.app */ = {isa = PBXFileReference; explicitFileType = wrapper.application; includeInIndex = 0; path = VendingMachineKimYongHo.app; sourceTree = BUILT_PRODUCTS_DIR; };
		7A6F3C78202AC1F0002AA7B8 /* AppDelegate.swift */ = {isa = PBXFileReference; lastKnownFileType = sourcecode.swift; path = AppDelegate.swift; sourceTree = "<group>"; };
		7A6F3C7A202AC1F0002AA7B8 /* ViewController.swift */ = {isa = PBXFileReference; lastKnownFileType = sourcecode.swift; path = ViewController.swift; sourceTree = "<group>"; };
		7A6F3C7D202AC1F0002AA7B8 /* Base */ = {isa = PBXFileReference; lastKnownFileType = file.storyboard; name = Base; path = Base.lproj/Main.storyboard; sourceTree = "<group>"; };
		7A6F3C7F202AC1F0002AA7B8 /* Assets.xcassets */ = {isa = PBXFileReference; lastKnownFileType = folder.assetcatalog; name = Assets.xcassets; path = VendingMachineKimYongHo/Assets.xcassets; sourceTree = SOURCE_ROOT; };
		7A6F3C82202AC1F0002AA7B8 /* Base */ = {isa = PBXFileReference; lastKnownFileType = file.storyboard; name = Base; path = Base.lproj/LaunchScreen.storyboard; sourceTree = "<group>"; };
		7A6F3C84202AC1F0002AA7B8 /* Info.plist */ = {isa = PBXFileReference; lastKnownFileType = text.plist.xml; path = Info.plist; sourceTree = "<group>"; };
		7A6F3C8A202AC281002AA7B8 /* DrinkItem.swift */ = {isa = PBXFileReference; lastKnownFileType = sourcecode.swift; path = DrinkItem.swift; sourceTree = "<group>"; };
		7A6F3C8E202AC2EE002AA7B8 /* InputBtn.swift */ = {isa = PBXFileReference; lastKnownFileType = sourcecode.swift; path = InputBtn.swift; sourceTree = "<group>"; };
/* End PBXFileReference section */

/* Begin PBXFrameworksBuildPhase section */
		7A6F3C72202AC1F0002AA7B8 /* Frameworks */ = {
			isa = PBXFrameworksBuildPhase;
			buildActionMask = 2147483647;
			files = (
			);
			runOnlyForDeploymentPostprocessing = 0;
		};
/* End PBXFrameworksBuildPhase section */

/* Begin PBXGroup section */
		7A6F3C6C202AC1F0002AA7B8 = {
			isa = PBXGroup;
			children = (
				7A6F3C77202AC1F0002AA7B8 /* VendingMachineKimYongHo */,
				7A6F3C76202AC1F0002AA7B8 /* Products */,
			);
			sourceTree = "<group>";
		};
		7A6F3C76202AC1F0002AA7B8 /* Products */ = {
			isa = PBXGroup;
			children = (
				7A6F3C75202AC1F0002AA7B8 /* VendingMachineKimYongHo.app */,
			);
			name = Products;
			sourceTree = "<group>";
		};
		7A6F3C77202AC1F0002AA7B8 /* VendingMachineKimYongHo */ = {
			isa = PBXGroup;
			children = (
				7A6F3C78202AC1F0002AA7B8 /* AppDelegate.swift */,
				7A6F3C7A202AC1F0002AA7B8 /* ViewController.swift */,
				7A6F3C8E202AC2EE002AA7B8 /* InputBtn.swift */,
				7A6F3C8A202AC281002AA7B8 /* DrinkItem.swift */,
				7A6F3C7C202AC1F0002AA7B8 /* Main.storyboard */,
				7A6F3C7F202AC1F0002AA7B8 /* Assets.xcassets */,
				7A0104A3202AE2B200E76A7A /* 사이다.png */,
				7A0104A2202AE2B200E76A7A /* 삼다수.png */,
				7A0104A1202AE2B200E76A7A /* 칸타타.png */,
				7A0104A4202AE2B200E76A7A /* 콜라.png */,
				7A6F3C81202AC1F0002AA7B8 /* LaunchScreen.storyboard */,
				7A6F3C84202AC1F0002AA7B8 /* Info.plist */,
			);
			path = VendingMachineKimYongHo;
			sourceTree = "<group>";
		};
/* End PBXGroup section */

/* Begin PBXNativeTarget section */
		7A6F3C74202AC1F0002AA7B8 /* VendingMachineKimYongHo */ = {
			isa = PBXNativeTarget;
			buildConfigurationList = 7A6F3C87202AC1F0002AA7B8 /* Build configuration list for PBXNativeTarget "VendingMachineKimYongHo" */;
			buildPhases = (
				7A6F3C71202AC1F0002AA7B8 /* Sources */,
				7A6F3C72202AC1F0002AA7B8 /* Frameworks */,
				7A6F3C73202AC1F0002AA7B8 /* Resources */,
			);
			buildRules = (
			);
			dependencies = (
			);
			name = VendingMachineKimYongHo;
			productName = VendingMachineKimYongHo;
			productReference = 7A6F3C75202AC1F0002AA7B8 /* VendingMachineKimYongHo.app */;
			productType = "com.apple.product-type.application";
		};
/* End PBXNativeTarget section */

/* Begin PBXProject section */
		7A6F3C6D202AC1F0002AA7B8 /* Project object */ = {
			isa = PBXProject;
			attributes = {
				LastSwiftUpdateCheck = 0920;
				LastUpgradeCheck = 0920;
				ORGANIZATIONNAME = "KimYong Ho";
				TargetAttributes = {
					7A6F3C74202AC1F0002AA7B8 = {
						CreatedOnToolsVersion = 9.2;
						ProvisioningStyle = Automatic;
					};
				};
			};
			buildConfigurationList = 7A6F3C70202AC1F0002AA7B8 /* Build configuration list for PBXProject "VendingMachineKimYongHo" */;
			compatibilityVersion = "Xcode 8.0";
			developmentRegion = en;
			hasScannedForEncodings = 0;
			knownRegions = (
				en,
				Base,
			);
			mainGroup = 7A6F3C6C202AC1F0002AA7B8;
			productRefGroup = 7A6F3C76202AC1F0002AA7B8 /* Products */;
			projectDirPath = "";
			projectRoot = "";
			targets = (
				7A6F3C74202AC1F0002AA7B8 /* VendingMachineKimYongHo */,
			);
		};
/* End PBXProject section */

/* Begin PBXResourcesBuildPhase section */
		7A6F3C73202AC1F0002AA7B8 /* Resources */ = {
			isa = PBXResourcesBuildPhase;
			buildActionMask = 2147483647;
			files = (
				7A0104A6202AE2B200E76A7A /* 삼다수.png in Resources */,
				7A0104A7202AE2B200E76A7A /* 사이다.png in Resources */,
				7A6F3C83202AC1F0002AA7B8 /* LaunchScreen.storyboard in Resources */,
				7A6F3C80202AC1F0002AA7B8 /* Assets.xcassets in Resources */,
				7A0104A8202AE2B200E76A7A /* 콜라.png in Resources */,
				7A6F3C7E202AC1F0002AA7B8 /* Main.storyboard in Resources */,
				7A0104A5202AE2B200E76A7A /* 칸타타.png in Resources */,
			);
			runOnlyForDeploymentPostprocessing = 0;
		};
/* End PBXResourcesBuildPhase section */

/* Begin PBXSourcesBuildPhase section */
		7A6F3C71202AC1F0002AA7B8 /* Sources */ = {
			isa = PBXSourcesBuildPhase;
			buildActionMask = 2147483647;
			files = (
				7A6F3C7B202AC1F0002AA7B8 /* ViewController.swift in Sources */,
				7A6F3C79202AC1F0002AA7B8 /* AppDelegate.swift in Sources */,
				7A6F3C8B202AC281002AA7B8 /* DrinkItem.swift in Sources */,
				7A6F3C8F202AC2EE002AA7B8 /* InputBtn.swift in Sources */,
			);
			runOnlyForDeploymentPostprocessing = 0;
		};
/* End PBXSourcesBuildPhase section */

/* Begin PBXVariantGroup section */
		7A6F3C7C202AC1F0002AA7B8 /* Main.storyboard */ = {
			isa = PBXVariantGroup;
			children = (
				7A6F3C7D202AC1F0002AA7B8 /* Base */,
			);
			name = Main.storyboard;
			sourceTree = "<group>";
		};
		7A6F3C81202AC1F0002AA7B8 /* LaunchScreen.storyboard */ = {
			isa = PBXVariantGroup;
			children = (
				7A6F3C82202AC1F0002AA7B8 /* Base */,
			);
			name = LaunchScreen.storyboard;
			sourceTree = "<group>";
		};
/* End PBXVariantGroup section */

/* Begin XCBuildConfiguration section */
		7A6F3C85202AC1F0002AA7B8 /* Debug */ = {
			isa = XCBuildConfiguration;
			buildSettings = {
				ALWAYS_SEARCH_USER_PATHS = NO;
				CLANG_ANALYZER_NONNULL = YES;
				CLANG_ANALYZER_NUMBER_OBJECT_CONVERSION = YES_AGGRESSIVE;
				CLANG_CXX_LANGUAGE_STANDARD = "gnu++14";
				CLANG_CXX_LIBRARY = "libc++";
				CLANG_ENABLE_MODULES = YES;
				CLANG_ENABLE_OBJC_ARC = YES;
				CLANG_WARN_BLOCK_CAPTURE_AUTORELEASING = YES;
				CLANG_WARN_BOOL_CONVERSION = YES;
				CLANG_WARN_COMMA = YES;
				CLANG_WARN_CONSTANT_CONVERSION = YES;
				CLANG_WARN_DIRECT_OBJC_ISA_USAGE = YES_ERROR;
				CLANG_WARN_DOCUMENTATION_COMMENTS = YES;
				CLANG_WARN_EMPTY_BODY = YES;
				CLANG_WARN_ENUM_CONVERSION = YES;
				CLANG_WARN_INFINITE_RECURSION = YES;
				CLANG_WARN_INT_CONVERSION = YES;
				CLANG_WARN_NON_LITERAL_NULL_CONVERSION = YES;
				CLANG_WARN_OBJC_LITERAL_CONVERSION = YES;
				CLANG_WARN_OBJC_ROOT_CLASS = YES_ERROR;
				CLANG_WARN_RANGE_LOOP_ANALYSIS = YES;
				CLANG_WARN_STRICT_PROTOTYPES = YES;
				CLANG_WARN_SUSPICIOUS_MOVE = YES;
				CLANG_WARN_UNGUARDED_AVAILABILITY = YES_AGGRESSIVE;
				CLANG_WARN_UNREACHABLE_CODE = YES;
				CLANG_WARN__DUPLICATE_METHOD_MATCH = YES;
				CODE_SIGN_IDENTITY = "iPhone Developer";
				COPY_PHASE_STRIP = NO;
				DEBUG_INFORMATION_FORMAT = dwarf;
				ENABLE_STRICT_OBJC_MSGSEND = YES;
				ENABLE_TESTABILITY = YES;
				GCC_C_LANGUAGE_STANDARD = gnu11;
				GCC_DYNAMIC_NO_PIC = NO;
				GCC_NO_COMMON_BLOCKS = YES;
				GCC_OPTIMIZATION_LEVEL = 0;
				GCC_PREPROCESSOR_DEFINITIONS = (
					"DEBUG=1",
					"$(inherited)",
				);
				GCC_WARN_64_TO_32_BIT_CONVERSION = YES;
				GCC_WARN_ABOUT_RETURN_TYPE = YES_ERROR;
				GCC_WARN_UNDECLARED_SELECTOR = YES;
				GCC_WARN_UNINITIALIZED_AUTOS = YES_AGGRESSIVE;
				GCC_WARN_UNUSED_FUNCTION = YES;
				GCC_WARN_UNUSED_VARIABLE = YES;
				IPHONEOS_DEPLOYMENT_TARGET = 11.2;
				MTL_ENABLE_DEBUG_INFO = YES;
				ONLY_ACTIVE_ARCH = YES;
				SDKROOT = iphoneos;
				SWIFT_ACTIVE_COMPILATION_CONDITIONS = DEBUG;
				SWIFT_OPTIMIZATION_LEVEL = "-Onone";
			};
			name = Debug;
		};
		7A6F3C86202AC1F0002AA7B8 /* Release */ = {
			isa = XCBuildConfiguration;
			buildSettings = {
				ALWAYS_SEARCH_USER_PATHS = NO;
				CLANG_ANALYZER_NONNULL = YES;
				CLANG_ANALYZER_NUMBER_OBJECT_CONVERSION = YES_AGGRESSIVE;
				CLANG_CXX_LANGUAGE_STANDARD = "gnu++14";
				CLANG_CXX_LIBRARY = "libc++";
				CLANG_ENABLE_MODULES = YES;
				CLANG_ENABLE_OBJC_ARC = YES;
				CLANG_WARN_BLOCK_CAPTURE_AUTORELEASING = YES;
				CLANG_WARN_BOOL_CONVERSION = YES;
				CLANG_WARN_COMMA = YES;
				CLANG_WARN_CONSTANT_CONVERSION = YES;
				CLANG_WARN_DIRECT_OBJC_ISA_USAGE = YES_ERROR;
				CLANG_WARN_DOCUMENTATION_COMMENTS = YES;
				CLANG_WARN_EMPTY_BODY = YES;
				CLANG_WARN_ENUM_CONVERSION = YES;
				CLANG_WARN_INFINITE_RECURSION = YES;
				CLANG_WARN_INT_CONVERSION = YES;
				CLANG_WARN_NON_LITERAL_NULL_CONVERSION = YES;
				CLANG_WARN_OBJC_LITERAL_CONVERSION = YES;
				CLANG_WARN_OBJC_ROOT_CLASS = YES_ERROR;
				CLANG_WARN_RANGE_LOOP_ANALYSIS = YES;
				CLANG_WARN_STRICT_PROTOTYPES = YES;
				CLANG_WARN_SUSPICIOUS_MOVE = YES;
				CLANG_WARN_UNGUARDED_AVAILABILITY = YES_AGGRESSIVE;
				CLANG_WARN_UNREACHABLE_CODE = YES;
				CLANG_WARN__DUPLICATE_METHOD_MATCH = YES;
				CODE_SIGN_IDENTITY = "iPhone Developer";
				COPY_PHASE_STRIP = NO;
				DEBUG_INFORMATION_FORMAT = "dwarf-with-dsym";
				ENABLE_NS_ASSERTIONS = NO;
				ENABLE_STRICT_OBJC_MSGSEND = YES;
				GCC_C_LANGUAGE_STANDARD = gnu11;
				GCC_NO_COMMON_BLOCKS = YES;
				GCC_WARN_64_TO_32_BIT_CONVERSION = YES;
				GCC_WARN_ABOUT_RETURN_TYPE = YES_ERROR;
				GCC_WARN_UNDECLARED_SELECTOR = YES;
				GCC_WARN_UNINITIALIZED_AUTOS = YES_AGGRESSIVE;
				GCC_WARN_UNUSED_FUNCTION = YES;
				GCC_WARN_UNUSED_VARIABLE = YES;
				IPHONEOS_DEPLOYMENT_TARGET = 11.2;
				MTL_ENABLE_DEBUG_INFO = NO;
				SDKROOT = iphoneos;
				SWIFT_OPTIMIZATION_LEVEL = "-Owholemodule";
				VALIDATE_PRODUCT = YES;
			};
			name = Release;
		};
		7A6F3C88202AC1F0002AA7B8 /* Debug */ = {
			isa = XCBuildConfiguration;
			buildSettings = {
				ASSETCATALOG_COMPILER_APPICON_NAME = AppIcon;
				CODE_SIGN_STYLE = Automatic;
				INFOPLIST_FILE = VendingMachineKimYongHo/Info.plist;
				LD_RUNPATH_SEARCH_PATHS = "$(inherited) @executable_path/Frameworks";
				PRODUCT_BUNDLE_IDENTIFIER = YHKIM.VendingMachineKimYongHo;
				PRODUCT_NAME = "$(TARGET_NAME)";
				SWIFT_VERSION = 4.0;
				TARGETED_DEVICE_FAMILY = "1,2";
			};
			name = Debug;
		};
		7A6F3C89202AC1F0002AA7B8 /* Release */ = {
			isa = XCBuildConfiguration;
			buildSettings = {
				ASSETCATALOG_COMPILER_APPICON_NAME = AppIcon;
				CODE_SIGN_STYLE = Automatic;
				INFOPLIST_FILE = VendingMachineKimYongHo/Info.plist;
				LD_RUNPATH_SEARCH_PATHS = "$(inherited) @executable_path/Frameworks";
				PRODUCT_BUNDLE_IDENTIFIER = YHKIM.VendingMachineKimYongHo;
				PRODUCT_NAME = "$(TARGET_NAME)";
				SWIFT_VERSION = 4.0;
				TARGETED_DEVICE_FAMILY = "1,2";
			};
			name = Release;
		};
/* End XCBuildConfiguration section */

/* Begin XCConfigurationList section */
		7A6F3C70202AC1F0002AA7B8 /* Build configuration list for PBXProject "VendingMachineKimYongHo" */ = {
			isa = XCConfigurationList;
			buildConfigurations = (
				7A6F3C85202AC1F0002AA7B8 /* Debug */,
				7A6F3C86202AC1F0002AA7B8 /* Release */,
			);
			defaultConfigurationIsVisible = 0;
			defaultConfigurationName = Release;
		};
		7A6F3C87202AC1F0002AA7B8 /* Build configuration list for PBXNativeTarget "VendingMachineKimYongHo" */ = {
			isa = XCConfigurationList;
			buildConfigurations = (
				7A6F3C88202AC1F0002AA7B8 /* Debug */,
				7A6F3C89202AC1F0002AA7B8 /* Release */,
			);
			defaultConfigurationIsVisible = 0;
			defaultConfigurationName = Release;
		};
/* End XCConfigurationList section */
	};
	rootObject = 7A6F3C6D202AC1F0002AA7B8 /* Project object */;
}
